// !$*UTF8*$!
{
	archiveVersion = 1;
	classes = {
	};
	objectVersion = 50;
	objects = {

/* Begin PBXBuildFile section */
		EF55E8EE2614F3B700915D1C /* AppDelegate.swift in Sources */ = {isa = PBXBuildFile; fileRef = EF55E8ED2614F3B700915D1C /* AppDelegate.swift */; };
		EF55E8F02614F3B700915D1C /* SceneDelegate.swift in Sources */ = {isa = PBXBuildFile; fileRef = EF55E8EF2614F3B700915D1C /* SceneDelegate.swift */; };
		EF55E8F22614F3B700915D1C /* ViewController.swift in Sources */ = {isa = PBXBuildFile; fileRef = EF55E8F12614F3B700915D1C /* ViewController.swift */; };
		EF55E8F52614F3B700915D1C /* Main.storyboard in Resources */ = {isa = PBXBuildFile; fileRef = EF55E8F32614F3B700915D1C /* Main.storyboard */; };
		EF55E8F82614F3B700915D1C /* TMSApp.xcdatamodeld in Sources */ = {isa = PBXBuildFile; fileRef = EF55E8F62614F3B700915D1C /* TMSApp.xcdatamodeld */; };
		EF55E8FA2614F3B800915D1C /* Assets.xcassets in Resources */ = {isa = PBXBuildFile; fileRef = EF55E8F92614F3B800915D1C /* Assets.xcassets */; };
		EF55E8FD2614F3B800915D1C /* LaunchScreen.storyboard in Resources */ = {isa = PBXBuildFile; fileRef = EF55E8FB2614F3B800915D1C /* LaunchScreen.storyboard */; };
		EF55E9082614F3B800915D1C /* TMSAppTests.swift in Sources */ = {isa = PBXBuildFile; fileRef = EF55E9072614F3B800915D1C /* TMSAppTests.swift */; };
		EF55E9132614F3B800915D1C /* TMSAppUITests.swift in Sources */ = {isa = PBXBuildFile; fileRef = EF55E9122614F3B800915D1C /* TMSAppUITests.swift */; };
/* End PBXBuildFile section */

/* Begin PBXContainerItemProxy section */
		EF55E9042614F3B800915D1C /* PBXContainerItemProxy */ = {
			isa = PBXContainerItemProxy;
			containerPortal = EF55E8E22614F3B700915D1C /* Project object */;
			proxyType = 1;
			remoteGlobalIDString = EF55E8E92614F3B700915D1C;
			remoteInfo = TMSApp;
		};
		EF55E90F2614F3B800915D1C /* PBXContainerItemProxy */ = {
			isa = PBXContainerItemProxy;
			containerPortal = EF55E8E22614F3B700915D1C /* Project object */;
			proxyType = 1;
			remoteGlobalIDString = EF55E8E92614F3B700915D1C;
			remoteInfo = TMSApp;
		};
/* End PBXContainerItemProxy section */

/* Begin PBXFileReference section */
		EF55E8EA2614F3B700915D1C /* TMSApp.app */ = {isa = PBXFileReference; explicitFileType = wrapper.application; includeInIndex = 0; path = TMSApp.app; sourceTree = BUILT_PRODUCTS_DIR; };
		EF55E8ED2614F3B700915D1C /* AppDelegate.swift */ = {isa = PBXFileReference; lastKnownFileType = sourcecode.swift; path = AppDelegate.swift; sourceTree = "<group>"; };
		EF55E8EF2614F3B700915D1C /* SceneDelegate.swift */ = {isa = PBXFileReference; lastKnownFileType = sourcecode.swift; path = SceneDelegate.swift; sourceTree = "<group>"; };
		EF55E8F12614F3B700915D1C /* ViewController.swift */ = {isa = PBXFileReference; lastKnownFileType = sourcecode.swift; path = ViewController.swift; sourceTree = "<group>"; };
		EF55E8F42614F3B700915D1C /* Base */ = {isa = PBXFileReference; lastKnownFileType = file.storyboard; name = Base; path = Base.lproj/Main.storyboard; sourceTree = "<group>"; };
		EF55E8F72614F3B700915D1C /* TMSApp.xcdatamodel */ = {isa = PBXFileReference; lastKnownFileType = wrapper.xcdatamodel; path = TMSApp.xcdatamodel; sourceTree = "<group>"; };
		EF55E8F92614F3B800915D1C /* Assets.xcassets */ = {isa = PBXFileReference; lastKnownFileType = folder.assetcatalog; path = Assets.xcassets; sourceTree = "<group>"; };
		EF55E8FC2614F3B800915D1C /* Base */ = {isa = PBXFileReference; lastKnownFileType = file.storyboard; name = Base; path = Base.lproj/LaunchScreen.storyboard; sourceTree = "<group>"; };
		EF55E8FE2614F3B800915D1C /* Info.plist */ = {isa = PBXFileReference; lastKnownFileType = text.plist.xml; path = Info.plist; sourceTree = "<group>"; };
		EF55E9032614F3B800915D1C /* TMSAppTests.xctest */ = {isa = PBXFileReference; explicitFileType = wrapper.cfbundle; includeInIndex = 0; path = TMSAppTests.xctest; sourceTree = BUILT_PRODUCTS_DIR; };
		EF55E9072614F3B800915D1C /* TMSAppTests.swift */ = {isa = PBXFileReference; lastKnownFileType = sourcecode.swift; path = TMSAppTests.swift; sourceTree = "<group>"; };
		EF55E9092614F3B800915D1C /* Info.plist */ = {isa = PBXFileReference; lastKnownFileType = text.plist.xml; path = Info.plist; sourceTree = "<group>"; };
		EF55E90E2614F3B800915D1C /* TMSAppUITests.xctest */ = {isa = PBXFileReference; explicitFileType = wrapper.cfbundle; includeInIndex = 0; path = TMSAppUITests.xctest; sourceTree = BUILT_PRODUCTS_DIR; };
		EF55E9122614F3B800915D1C /* TMSAppUITests.swift */ = {isa = PBXFileReference; lastKnownFileType = sourcecode.swift; path = TMSAppUITests.swift; sourceTree = "<group>"; };
		EF55E9142614F3B800915D1C /* Info.plist */ = {isa = PBXFileReference; lastKnownFileType = text.plist.xml; path = Info.plist; sourceTree = "<group>"; };
/* End PBXFileReference section */

/* Begin PBXFrameworksBuildPhase section */
		EF55E8E72614F3B700915D1C /* Frameworks */ = {
			isa = PBXFrameworksBuildPhase;
			buildActionMask = 2147483647;
			files = (
			);
			runOnlyForDeploymentPostprocessing = 0;
		};
		EF55E9002614F3B800915D1C /* Frameworks */ = {
			isa = PBXFrameworksBuildPhase;
			buildActionMask = 2147483647;
			files = (
			);
			runOnlyForDeploymentPostprocessing = 0;
		};
		EF55E90B2614F3B800915D1C /* Frameworks */ = {
			isa = PBXFrameworksBuildPhase;
			buildActionMask = 2147483647;
			files = (
			);
			runOnlyForDeploymentPostprocessing = 0;
		};
/* End PBXFrameworksBuildPhase section */

/* Begin PBXGroup section */
		EF55E8E12614F3B700915D1C = {
			isa = PBXGroup;
			children = (
				EF55E8EC2614F3B700915D1C /* TMSApp */,
				EF55E9062614F3B800915D1C /* TMSAppTests */,
				EF55E9112614F3B800915D1C /* TMSAppUITests */,
				EF55E8EB2614F3B700915D1C /* Products */,
			);
			sourceTree = "<group>";
		};
		EF55E8EB2614F3B700915D1C /* Products */ = {
			isa = PBXGroup;
			children = (
				EF55E8EA2614F3B700915D1C /* TMSApp.app */,
				EF55E9032614F3B800915D1C /* TMSAppTests.xctest */,
				EF55E90E2614F3B800915D1C /* TMSAppUITests.xctest */,
			);
			name = Products;
			sourceTree = "<group>";
		};
		EF55E8EC2614F3B700915D1C /* TMSApp */ = {
			isa = PBXGroup;
			children = (
				EF55E8ED2614F3B700915D1C /* AppDelegate.swift */,
				EF55E8EF2614F3B700915D1C /* SceneDelegate.swift */,
				EF55E8F12614F3B700915D1C /* ViewController.swift */,
				EF55E8F32614F3B700915D1C /* Main.storyboard */,
				EF55E8F92614F3B800915D1C /* Assets.xcassets */,
				EF55E8FB2614F3B800915D1C /* LaunchScreen.storyboard */,
				EF55E8FE2614F3B800915D1C /* Info.plist */,
				EF55E8F62614F3B700915D1C /* TMSApp.xcdatamodeld */,
			);
			path = TMSApp;
			sourceTree = "<group>";
		};
		EF55E9062614F3B800915D1C /* TMSAppTests */ = {
			isa = PBXGroup;
			children = (
				EF55E9072614F3B800915D1C /* TMSAppTests.swift */,
				EF55E9092614F3B800915D1C /* Info.plist */,
			);
			path = TMSAppTests;
			sourceTree = "<group>";
		};
		EF55E9112614F3B800915D1C /* TMSAppUITests */ = {
			isa = PBXGroup;
			children = (
				EF55E9122614F3B800915D1C /* TMSAppUITests.swift */,
				EF55E9142614F3B800915D1C /* Info.plist */,
			);
			path = TMSAppUITests;
			sourceTree = "<group>";
		};
/* End PBXGroup section */

/* Begin PBXNativeTarget section */
		EF55E8E92614F3B700915D1C /* TMSApp */ = {
			isa = PBXNativeTarget;
			buildConfigurationList = EF55E9172614F3B800915D1C /* Build configuration list for PBXNativeTarget "TMSApp" */;
			buildPhases = (
				EF55E8E62614F3B700915D1C /* Sources */,
				EF55E8E72614F3B700915D1C /* Frameworks */,
				EF55E8E82614F3B700915D1C /* Resources */,
			);
			buildRules = (
			);
			dependencies = (
			);
			name = TMSApp;
			productName = TMSApp;
			productReference = EF55E8EA2614F3B700915D1C /* TMSApp.app */;
			productType = "com.apple.product-type.application";
		};
		EF55E9022614F3B800915D1C /* TMSAppTests */ = {
			isa = PBXNativeTarget;
			buildConfigurationList = EF55E91A2614F3B800915D1C /* Build configuration list for PBXNativeTarget "TMSAppTests" */;
			buildPhases = (
				EF55E8FF2614F3B800915D1C /* Sources */,
				EF55E9002614F3B800915D1C /* Frameworks */,
				EF55E9012614F3B800915D1C /* Resources */,
			);
			buildRules = (
			);
			dependencies = (
				EF55E9052614F3B800915D1C /* PBXTargetDependency */,
			);
			name = TMSAppTests;
			productName = TMSAppTests;
			productReference = EF55E9032614F3B800915D1C /* TMSAppTests.xctest */;
			productType = "com.apple.product-type.bundle.unit-test";
		};
		EF55E90D2614F3B800915D1C /* TMSAppUITests */ = {
			isa = PBXNativeTarget;
			buildConfigurationList = EF55E91D2614F3B800915D1C /* Build configuration list for PBXNativeTarget "TMSAppUITests" */;
			buildPhases = (
				EF55E90A2614F3B800915D1C /* Sources */,
				EF55E90B2614F3B800915D1C /* Frameworks */,
				EF55E90C2614F3B800915D1C /* Resources */,
			);
			buildRules = (
			);
			dependencies = (
				EF55E9102614F3B800915D1C /* PBXTargetDependency */,
			);
			name = TMSAppUITests;
			productName = TMSAppUITests;
			productReference = EF55E90E2614F3B800915D1C /* TMSAppUITests.xctest */;
			productType = "com.apple.product-type.bundle.ui-testing";
		};
/* End PBXNativeTarget section */

/* Begin PBXProject section */
		EF55E8E22614F3B700915D1C /* Project object */ = {
			isa = PBXProject;
			attributes = {
				LastSwiftUpdateCheck = 1240;
				LastUpgradeCheck = 1240;
				TargetAttributes = {
					EF55E8E92614F3B700915D1C = {
						CreatedOnToolsVersion = 12.4;
					};
					EF55E9022614F3B800915D1C = {
						CreatedOnToolsVersion = 12.4;
						TestTargetID = EF55E8E92614F3B700915D1C;
					};
					EF55E90D2614F3B800915D1C = {
						CreatedOnToolsVersion = 12.4;
						TestTargetID = EF55E8E92614F3B700915D1C;
					};
				};
			};
			buildConfigurationList = EF55E8E52614F3B700915D1C /* Build configuration list for PBXProject "TMSApp" */;
			compatibilityVersion = "Xcode 9.3";
			developmentRegion = en;
			hasScannedForEncodings = 0;
			knownRegions = (
				en,
				Base,
			);
			mainGroup = EF55E8E12614F3B700915D1C;
			productRefGroup = EF55E8EB2614F3B700915D1C /* Products */;
			projectDirPath = "";
			projectRoot = "";
			targets = (
				EF55E8E92614F3B700915D1C /* TMSApp */,
				EF55E9022614F3B800915D1C /* TMSAppTests */,
				EF55E90D2614F3B800915D1C /* TMSAppUITests */,
			);
		};
/* End PBXProject section */

/* Begin PBXResourcesBuildPhase section */
		EF55E8E82614F3B700915D1C /* Resources */ = {
			isa = PBXResourcesBuildPhase;
			buildActionMask = 2147483647;
			files = (
				EF55E8FD2614F3B800915D1C /* LaunchScreen.storyboard in Resources */,
				EF55E8FA2614F3B800915D1C /* Assets.xcassets in Resources */,
				EF55E8F52614F3B700915D1C /* Main.storyboard in Resources */,
			);
			runOnlyForDeploymentPostprocessing = 0;
		};
		EF55E9012614F3B800915D1C /* Resources */ = {
			isa = PBXResourcesBuildPhase;
			buildActionMask = 2147483647;
			files = (
			);
			runOnlyForDeploymentPostprocessing = 0;
		};
		EF55E90C2614F3B800915D1C /* Resources */ = {
			isa = PBXResourcesBuildPhase;
			buildActionMask = 2147483647;
			files = (
			);
			runOnlyForDeploymentPostprocessing = 0;
		};
/* End PBXResourcesBuildPhase section */

/* Begin PBXSourcesBuildPhase section */
		EF55E8E62614F3B700915D1C /* Sources */ = {
			isa = PBXSourcesBuildPhase;
			buildActionMask = 2147483647;
			files = (
				EF55E8F82614F3B700915D1C /* TMSApp.xcdatamodeld in Sources */,
				EF55E8F22614F3B700915D1C /* ViewController.swift in Sources */,
				EF55E8EE2614F3B700915D1C /* AppDelegate.swift in Sources */,
				EF55E8F02614F3B700915D1C /* SceneDelegate.swift in Sources */,
			);
			runOnlyForDeploymentPostprocessing = 0;
		};
		EF55E8FF2614F3B800915D1C /* Sources */ = {
			isa = PBXSourcesBuildPhase;
			buildActionMask = 2147483647;
			files = (
				EF55E9082614F3B800915D1C /* TMSAppTests.swift in Sources */,
			);
			runOnlyForDeploymentPostprocessing = 0;
		};
		EF55E90A2614F3B800915D1C /* Sources */ = {
			isa = PBXSourcesBuildPhase;
			buildActionMask = 2147483647;
			files = (
				EF55E9132614F3B800915D1C /* TMSAppUITests.swift in Sources */,
			);
			runOnlyForDeploymentPostprocessing = 0;
		};
/* End PBXSourcesBuildPhase section */

/* Begin PBXTargetDependency section */
		EF55E9052614F3B800915D1C /* PBXTargetDependency */ = {
			isa = PBXTargetDependency;
			target = EF55E8E92614F3B700915D1C /* TMSApp */;
			targetProxy = EF55E9042614F3B800915D1C /* PBXContainerItemProxy */;
		};
		EF55E9102614F3B800915D1C /* PBXTargetDependency */ = {
			isa = PBXTargetDependency;
			target = EF55E8E92614F3B700915D1C /* TMSApp */;
			targetProxy = EF55E90F2614F3B800915D1C /* PBXContainerItemProxy */;
		};
/* End PBXTargetDependency section */

/* Begin PBXVariantGroup section */
		EF55E8F32614F3B700915D1C /* Main.storyboard */ = {
			isa = PBXVariantGroup;
			children = (
				EF55E8F42614F3B700915D1C /* Base */,
			);
			name = Main.storyboard;
			sourceTree = "<group>";
		};
		EF55E8FB2614F3B800915D1C /* LaunchScreen.storyboard */ = {
			isa = PBXVariantGroup;
			children = (
				EF55E8FC2614F3B800915D1C /* Base */,
			);
			name = LaunchScreen.storyboard;
			sourceTree = "<group>";
		};
/* End PBXVariantGroup section */

/* Begin XCBuildConfiguration section */
		EF55E9152614F3B800915D1C /* Debug */ = {
			isa = XCBuildConfiguration;
			buildSettings = {
				ALWAYS_SEARCH_USER_PATHS = NO;
				CLANG_ANALYZER_NONNULL = YES;
				CLANG_ANALYZER_NUMBER_OBJECT_CONVERSION = YES_AGGRESSIVE;
				CLANG_CXX_LANGUAGE_STANDARD = "gnu++14";
				CLANG_CXX_LIBRARY = "libc++";
				CLANG_ENABLE_MODULES = YES;
				CLANG_ENABLE_OBJC_ARC = YES;
				CLANG_ENABLE_OBJC_WEAK = YES;
				CLANG_WARN_BLOCK_CAPTURE_AUTORELEASING = YES;
				CLANG_WARN_BOOL_CONVERSION = YES;
				CLANG_WARN_COMMA = YES;
				CLANG_WARN_CONSTANT_CONVERSION = YES;
				CLANG_WARN_DEPRECATED_OBJC_IMPLEMENTATIONS = YES;
				CLANG_WARN_DIRECT_OBJC_ISA_USAGE = YES_ERROR;
				CLANG_WARN_DOCUMENTATION_COMMENTS = YES;
				CLANG_WARN_EMPTY_BODY = YES;
				CLANG_WARN_ENUM_CONVERSION = YES;
				CLANG_WARN_INFINITE_RECURSION = YES;
				CLANG_WARN_INT_CONVERSION = YES;
				CLANG_WARN_NON_LITERAL_NULL_CONVERSION = YES;
				CLANG_WARN_OBJC_IMPLICIT_RETAIN_SELF = YES;
				CLANG_WARN_OBJC_LITERAL_CONVERSION = YES;
				CLANG_WARN_OBJC_ROOT_CLASS = YES_ERROR;
				CLANG_WARN_QUOTED_INCLUDE_IN_FRAMEWORK_HEADER = YES;
				CLANG_WARN_RANGE_LOOP_ANALYSIS = YES;
				CLANG_WARN_STRICT_PROTOTYPES = YES;
				CLANG_WARN_SUSPICIOUS_MOVE = YES;
				CLANG_WARN_UNGUARDED_AVAILABILITY = YES_AGGRESSIVE;
				CLANG_WARN_UNREACHABLE_CODE = YES;
				CLANG_WARN__DUPLICATE_METHOD_MATCH = YES;
				COPY_PHASE_STRIP = NO;
				DEBUG_INFORMATION_FORMAT = dwarf;
				ENABLE_STRICT_OBJC_MSGSEND = YES;
				ENABLE_TESTABILITY = YES;
				GCC_C_LANGUAGE_STANDARD = gnu11;
				GCC_DYNAMIC_NO_PIC = NO;
				GCC_NO_COMMON_BLOCKS = YES;
				GCC_OPTIMIZATION_LEVEL = 0;
				GCC_PREPROCESSOR_DEFINITIONS = (
					"DEBUG=1",
					"$(inherited)",
				);
				GCC_WARN_64_TO_32_BIT_CONVERSION = YES;
				GCC_WARN_ABOUT_RETURN_TYPE = YES_ERROR;
				GCC_WARN_UNDECLARED_SELECTOR = YES;
				GCC_WARN_UNINITIALIZED_AUTOS = YES_AGGRESSIVE;
				GCC_WARN_UNUSED_FUNCTION = YES;
				GCC_WARN_UNUSED_VARIABLE = YES;
				IPHONEOS_DEPLOYMENT_TARGET = 14.4;
				MTL_ENABLE_DEBUG_INFO = INCLUDE_SOURCE;
				MTL_FAST_MATH = YES;
				ONLY_ACTIVE_ARCH = YES;
				SDKROOT = iphoneos;
				SWIFT_ACTIVE_COMPILATION_CONDITIONS = DEBUG;
				SWIFT_OPTIMIZATION_LEVEL = "-Onone";
			};
			name = Debug;
		};
		EF55E9162614F3B800915D1C /* Release */ = {
			isa = XCBuildConfiguration;
			buildSettings = {
				ALWAYS_SEARCH_USER_PATHS = NO;
				CLANG_ANALYZER_NONNULL = YES;
				CLANG_ANALYZER_NUMBER_OBJECT_CONVERSION = YES_AGGRESSIVE;
				CLANG_CXX_LANGUAGE_STANDARD = "gnu++14";
				CLANG_CXX_LIBRARY = "libc++";
				CLANG_ENABLE_MODULES = YES;
				CLANG_ENABLE_OBJC_ARC = YES;
				CLANG_ENABLE_OBJC_WEAK = YES;
				CLANG_WARN_BLOCK_CAPTURE_AUTORELEASING = YES;
				CLANG_WARN_BOOL_CONVERSION = YES;
				CLANG_WARN_COMMA = YES;
				CLANG_WARN_CONSTANT_CONVERSION = YES;
				CLANG_WARN_DEPRECATED_OBJC_IMPLEMENTATIONS = YES;
				CLANG_WARN_DIRECT_OBJC_ISA_USAGE = YES_ERROR;
				CLANG_WARN_DOCUMENTATION_COMMENTS = YES;
				CLANG_WARN_EMPTY_BODY = YES;
				CLANG_WARN_ENUM_CONVERSION = YES;
				CLANG_WARN_INFINITE_RECURSION = YES;
				CLANG_WARN_INT_CONVERSION = YES;
				CLANG_WARN_NON_LITERAL_NULL_CONVERSION = YES;
				CLANG_WARN_OBJC_IMPLICIT_RETAIN_SELF = YES;
				CLANG_WARN_OBJC_LITERAL_CONVERSION = YES;
				CLANG_WARN_OBJC_ROOT_CLASS = YES_ERROR;
				CLANG_WARN_QUOTED_INCLUDE_IN_FRAMEWORK_HEADER = YES;
				CLANG_WARN_RANGE_LOOP_ANALYSIS = YES;
				CLANG_WARN_STRICT_PROTOTYPES = YES;
				CLANG_WARN_SUSPICIOUS_MOVE = YES;
				CLANG_WARN_UNGUARDED_AVAILABILITY = YES_AGGRESSIVE;
				CLANG_WARN_UNREACHABLE_CODE = YES;
				CLANG_WARN__DUPLICATE_METHOD_MATCH = YES;
				COPY_PHASE_STRIP = NO;
				DEBUG_INFORMATION_FORMAT = "dwarf-with-dsym";
				ENABLE_NS_ASSERTIONS = NO;
				ENABLE_STRICT_OBJC_MSGSEND = YES;
				GCC_C_LANGUAGE_STANDARD = gnu11;
				GCC_NO_COMMON_BLOCKS = YES;
				GCC_WARN_64_TO_32_BIT_CONVERSION = YES;
				GCC_WARN_ABOUT_RETURN_TYPE = YES_ERROR;
				GCC_WARN_UNDECLARED_SELECTOR = YES;
				GCC_WARN_UNINITIALIZED_AUTOS = YES_AGGRESSIVE;
				GCC_WARN_UNUSED_FUNCTION = YES;
				GCC_WARN_UNUSED_VARIABLE = YES;
				IPHONEOS_DEPLOYMENT_TARGET = 14.4;
				MTL_ENABLE_DEBUG_INFO = NO;
				MTL_FAST_MATH = YES;
				SDKROOT = iphoneos;
				SWIFT_COMPILATION_MODE = wholemodule;
				SWIFT_OPTIMIZATION_LEVEL = "-O";
				VALIDATE_PRODUCT = YES;
			};
			name = Release;
		};
		EF55E9182614F3B800915D1C /* Debug */ = {
			isa = XCBuildConfiguration;
			buildSettings = {
				ASSETCATALOG_COMPILER_APPICON_NAME = AppIcon;
				ASSETCATALOG_COMPILER_GLOBAL_ACCENT_COLOR_NAME = AccentColor;
				CODE_SIGN_STYLE = Automatic;
				DEVELOPMENT_TEAM = Y46GLN8894;
				INFOPLIST_FILE = TMSApp/Info.plist;
				LD_RUNPATH_SEARCH_PATHS = (
					"$(inherited)",
					"@executable_path/Frameworks",
				);
				PRODUCT_BUNDLE_IDENTIFIER = com.ssoft.TMSApp;
				PRODUCT_NAME = "$(TARGET_NAME)";
				SWIFT_VERSION = 5.0;
				TARGETED_DEVICE_FAMILY = "1,2";
			};
			name = Debug;
		};
		EF55E9192614F3B800915D1C /* Release */ = {
			isa = XCBuildConfiguration;
			buildSettings = {
				ASSETCATALOG_COMPILER_APPICON_NAME = AppIcon;
				ASSETCATALOG_COMPILER_GLOBAL_ACCENT_COLOR_NAME = AccentColor;
				CODE_SIGN_STYLE = Automatic;
				DEVELOPMENT_TEAM = Y46GLN8894;
				INFOPLIST_FILE = TMSApp/Info.plist;
				LD_RUNPATH_SEARCH_PATHS = (
					"$(inherited)",
					"@executable_path/Frameworks",
				);
				PRODUCT_BUNDLE_IDENTIFIER = com.ssoft.TMSApp;
				PRODUCT_NAME = "$(TARGET_NAME)";
				SWIFT_VERSION = 5.0;
				TARGETED_DEVICE_FAMILY = "1,2";
			};
			name = Release;
		};
		EF55E91B2614F3B800915D1C /* Debug */ = {
			isa = XCBuildConfiguration;
			buildSettings = {
				ALWAYS_EMBED_SWIFT_STANDARD_LIBRARIES = YES;
				BUNDLE_LOADER = "$(TEST_HOST)";
				CODE_SIGN_STYLE = Automatic;
				DEVELOPMENT_TEAM = Y46GLN8894;
				INFOPLIST_FILE = TMSAppTests/Info.plist;
				IPHONEOS_DEPLOYMENT_TARGET = 14.4;
				LD_RUNPATH_SEARCH_PATHS = (
					"$(inherited)",
					"@executable_path/Frameworks",
					"@loader_path/Frameworks",
				);
				PRODUCT_BUNDLE_IDENTIFIER = com.ssoft.TMSAppTests;
				PRODUCT_NAME = "$(TARGET_NAME)";
				SWIFT_VERSION = 5.0;
				TARGETED_DEVICE_FAMILY = "1,2";
				TEST_HOST = "$(BUILT_PRODUCTS_DIR)/TMSApp.app/TMSApp";
			};
			name = Debug;
		};
		EF55E91C2614F3B800915D1C /* Release */ = {
			isa = XCBuildConfiguration;
			buildSettings = {
				ALWAYS_EMBED_SWIFT_STANDARD_LIBRARIES = YES;
				BUNDLE_LOADER = "$(TEST_HOST)";
				CODE_SIGN_STYLE = Automatic;
				DEVELOPMENT_TEAM = Y46GLN8894;
				INFOPLIST_FILE = TMSAppTests/Info.plist;
				IPHONEOS_DEPLOYMENT_TARGET = 14.4;
				LD_RUNPATH_SEARCH_PATHS = (
					"$(inherited)",
					"@executable_path/Frameworks",
					"@loader_path/Frameworks",
				);
				PRODUCT_BUNDLE_IDENTIFIER = com.ssoft.TMSAppTests;
				PRODUCT_NAME = "$(TARGET_NAME)";
				SWIFT_VERSION = 5.0;
				TARGETED_DEVICE_FAMILY = "1,2";
				TEST_HOST = "$(BUILT_PRODUCTS_DIR)/TMSApp.app/TMSApp";
			};
			name = Release;
		};
		EF55E91E2614F3B800915D1C /* Debug */ = {
			isa = XCBuildConfiguration;
			buildSettings = {
				ALWAYS_EMBED_SWIFT_STANDARD_LIBRARIES = YES;
				CODE_SIGN_STYLE = Automatic;
				DEVELOPMENT_TEAM = Y46GLN8894;
				INFOPLIST_FILE = TMSAppUITests/Info.plist;
				LD_RUNPATH_SEARCH_PATHS = (
					"$(inherited)",
					"@executable_path/Frameworks",
					"@loader_path/Frameworks",
				);
				PRODUCT_BUNDLE_IDENTIFIER = com.ssoft.TMSAppUITests;
				PRODUCT_NAME = "$(TARGET_NAME)";
				SWIFT_VERSION = 5.0;
				TARGETED_DEVICE_FAMILY = "1,2";
				TEST_TARGET_NAME = TMSApp;
			};
			name = Debug;
		};
		EF55E91F2614F3B800915D1C /* Release */ = {
			isa = XCBuildConfiguration;
			buildSettings = {
				ALWAYS_EMBED_SWIFT_STANDARD_LIBRARIES = YES;
				CODE_SIGN_STYLE = Automatic;
				DEVELOPMENT_TEAM = Y46GLN8894;
				INFOPLIST_FILE = TMSAppUITests/Info.plist;
				LD_RUNPATH_SEARCH_PATHS = (
					"$(inherited)",
					"@executable_path/Frameworks",
					"@loader_path/Frameworks",
				);
				PRODUCT_BUNDLE_IDENTIFIER = com.ssoft.TMSAppUITests;
				PRODUCT_NAME = "$(TARGET_NAME)";
				SWIFT_VERSION = 5.0;
				TARGETED_DEVICE_FAMILY = "1,2";
				TEST_TARGET_NAME = TMSApp;
			};
			name = Release;
		};
/* End XCBuildConfiguration section */

/* Begin XCConfigurationList section */
		EF55E8E52614F3B700915D1C /* Build configuration list for PBXProject "TMSApp" */ = {
			isa = XCConfigurationList;
			buildConfigurations = (
				EF55E9152614F3B800915D1C /* Debug */,
				EF55E9162614F3B800915D1C /* Release */,
			);
			defaultConfigurationIsVisible = 0;
			defaultConfigurationName = Release;
		};
		EF55E9172614F3B800915D1C /* Build configuration list for PBXNativeTarget "TMSApp" */ = {
			isa = XCConfigurationList;
			buildConfigurations = (
				EF55E9182614F3B800915D1C /* Debug */,
				EF55E9192614F3B800915D1C /* Release */,
			);
			defaultConfigurationIsVisible = 0;
			defaultConfigurationName = Release;
		};
		EF55E91A2614F3B800915D1C /* Build configuration list for PBXNativeTarget "TMSAppTests" */ = {
			isa = XCConfigurationList;
			buildConfigurations = (
				EF55E91B2614F3B800915D1C /* Debug */,
				EF55E91C2614F3B800915D1C /* Release */,
			);
			defaultConfigurationIsVisible = 0;
			defaultConfigurationName = Release;
		};
		EF55E91D2614F3B800915D1C /* Build configuration list for PBXNativeTarget "TMSAppUITests" */ = {
			isa = XCConfigurationList;
			buildConfigurations = (
				EF55E91E2614F3B800915D1C /* Debug */,
				EF55E91F2614F3B800915D1C /* Release */,
			);
			defaultConfigurationIsVisible = 0;
			defaultConfigurationName = Release;
		};
/* End XCConfigurationList section */

/* Begin XCVersionGroup section */
		EF55E8F62614F3B700915D1C /* TMSApp.xcdatamodeld */ = {
			isa = XCVersionGroup;
			children = (
				EF55E8F72614F3B700915D1C /* TMSApp.xcdatamodel */,
			);
			currentVersion = EF55E8F72614F3B700915D1C /* TMSApp.xcdatamodel */;
			path = TMSApp.xcdatamodeld;
			sourceTree = "<group>";
			versionGroupType = wrapper.xcdatamodel;
		};
/* End XCVersionGroup section */
	};
	rootObject = EF55E8E22614F3B700915D1C /* Project object */;
}
