// !$*UTF8*$!
{
	archiveVersion = 1;
	classes = {
	};
	objectVersion = 52;
	objects = {

/* Begin PBXBuildFile section */
		43C02A52D78B77370A2AEE77 /* Pods_TMSApp_TMSAppUITests.framework in Frameworks */ = {isa = PBXBuildFile; fileRef = 1CD1BD90AFB294103F69E86C /* Pods_TMSApp_TMSAppUITests.framework */; };
		4D346C5FA69DDB6D6396EADE /* Pods_TMSAppTests.framework in Frameworks */ = {isa = PBXBuildFile; fileRef = 20480C8FB5A3102C2068456C /* Pods_TMSAppTests.framework */; };
		8D115DF66119DEE986E16BA4 /* Pods_TMSApp.framework in Frameworks */ = {isa = PBXBuildFile; fileRef = 40276A60BDA1976017E50C87 /* Pods_TMSApp.framework */; };
		EF0EA6832653763300148157 /* AppealViewModel.swift in Sources */ = {isa = PBXBuildFile; fileRef = EF0EA6822653763300148157 /* AppealViewModel.swift */; };
		EF0EA68B265376B800148157 /* GetAppealResponse.swift in Sources */ = {isa = PBXBuildFile; fileRef = EF0EA68A265376B800148157 /* GetAppealResponse.swift */; };
		EF0EA691265376CC00148157 /* GetAppealRequest.swift in Sources */ = {isa = PBXBuildFile; fileRef = EF0EA690265376CC00148157 /* GetAppealRequest.swift */; };
		EF0EA6982653774000148157 /* AppealTableViewCell.swift in Sources */ = {isa = PBXBuildFile; fileRef = EF0EA6962653774000148157 /* AppealTableViewCell.swift */; };
		EF0EA6992653774000148157 /* AppealTableViewCell.xib in Resources */ = {isa = PBXBuildFile; fileRef = EF0EA6972653774000148157 /* AppealTableViewCell.xib */; };
		EF0EA82E2653C2F800148157 /* ShipmentDetail.storyboard in Resources */ = {isa = PBXBuildFile; fileRef = EF0EA82D2653C2F800148157 /* ShipmentDetail.storyboard */; };
		EF0EA8332653C30900148157 /* ShipmentDetailViewController.swift in Sources */ = {isa = PBXBuildFile; fileRef = EF0EA8322653C30900148157 /* ShipmentDetailViewController.swift */; };
		EF0EA83E26541E6A00148157 /* ShipmentDetailViewModel.swift in Sources */ = {isa = PBXBuildFile; fileRef = EF0EA83D26541E6A00148157 /* ShipmentDetailViewModel.swift */; };
		EF0EA8442654224800148157 /* HeaderShipmentDetailTableViewCell.swift in Sources */ = {isa = PBXBuildFile; fileRef = EF0EA8432654224800148157 /* HeaderShipmentDetailTableViewCell.swift */; };
		EF0EA853265422DA00148157 /* DeliveryShipmentTableViewCell.swift in Sources */ = {isa = PBXBuildFile; fileRef = EF0EA851265422DA00148157 /* DeliveryShipmentTableViewCell.swift */; };
		EF0EA854265422DA00148157 /* DeliveryShipmentTableViewCell.xib in Resources */ = {isa = PBXBuildFile; fileRef = EF0EA852265422DA00148157 /* DeliveryShipmentTableViewCell.xib */; };
		EF0EA863265429BC00148157 /* SnapKit in Frameworks */ = {isa = PBXBuildFile; productRef = EF0EA862265429BC00148157 /* SnapKit */; };
		EF2D2CD92650EEEC0096F757 /* GetOrderResponse.swift in Sources */ = {isa = PBXBuildFile; fileRef = EF2D2CD82650EEEC0096F757 /* GetOrderResponse.swift */; };
		EF2D2CDE2650EEF40096F757 /* GetOrderRequest.swift in Sources */ = {isa = PBXBuildFile; fileRef = EF2D2CDD2650EEF40096F757 /* GetOrderRequest.swift */; };
		EF2D2CE32650EF070096F757 /* OrderViewModel.swift in Sources */ = {isa = PBXBuildFile; fileRef = EF2D2CE22650EF070096F757 /* OrderViewModel.swift */; };
		EF2D2CEA2650F0310096F757 /* OrderTableViewCell.swift in Sources */ = {isa = PBXBuildFile; fileRef = EF2D2CE82650F0310096F757 /* OrderTableViewCell.swift */; };
		EF2D2CEB2650F0310096F757 /* OrderTableViewCell.xib in Resources */ = {isa = PBXBuildFile; fileRef = EF2D2CE92650F0310096F757 /* OrderTableViewCell.xib */; };
		EF2D2CF526518FCF0096F757 /* MenuCollectionViewCell.swift in Sources */ = {isa = PBXBuildFile; fileRef = EF2D2CF326518FCF0096F757 /* MenuCollectionViewCell.swift */; };
		EF2D2CF626518FCF0096F757 /* MenuCollectionViewCell.xib in Resources */ = {isa = PBXBuildFile; fileRef = EF2D2CF426518FCF0096F757 /* MenuCollectionViewCell.xib */; };
		EF2D2CFB265190040096F757 /* MenuViewModel.swift in Sources */ = {isa = PBXBuildFile; fileRef = EF2D2CFA265190040096F757 /* MenuViewModel.swift */; };
		EF2D2D022651909E0096F757 /* GetMenuResponse.swift in Sources */ = {isa = PBXBuildFile; fileRef = EF2D2D012651909E0096F757 /* GetMenuResponse.swift */; };
		EF44C5F22656BA8E0014F0D0 /* EmployeeShipmentTableViewCell.swift in Sources */ = {isa = PBXBuildFile; fileRef = EF44C5F02656BA8E0014F0D0 /* EmployeeShipmentTableViewCell.swift */; };
		EF44C5F32656BA8E0014F0D0 /* EmployeeShipmentTableViewCell.xib in Resources */ = {isa = PBXBuildFile; fileRef = EF44C5F12656BA8E0014F0D0 /* EmployeeShipmentTableViewCell.xib */; };
		EF44C5FD2656BEC50014F0D0 /* CustomerShipmentTableViewCell.swift in Sources */ = {isa = PBXBuildFile; fileRef = EF44C5FB2656BEC50014F0D0 /* CustomerShipmentTableViewCell.swift */; };
		EF44C5FE2656BEC50014F0D0 /* CustomerShipmentTableViewCell.xib in Resources */ = {isa = PBXBuildFile; fileRef = EF44C5FC2656BEC50014F0D0 /* CustomerShipmentTableViewCell.xib */; };
		EF44C6062656CADB0014F0D0 /* ShipmentMap.storyboard in Resources */ = {isa = PBXBuildFile; fileRef = EF44C6052656CADB0014F0D0 /* ShipmentMap.storyboard */; };
		EF44C60B2656CAF10014F0D0 /* ShipmentMapViewController.swift in Sources */ = {isa = PBXBuildFile; fileRef = EF44C60A2656CAF10014F0D0 /* ShipmentMapViewController.swift */; };
		EF44C61B2656DF040014F0D0 /* MarkerMapView.swift in Sources */ = {isa = PBXBuildFile; fileRef = EF44C61A2656DF040014F0D0 /* MarkerMapView.swift */; };
		EF44C6232656DF120014F0D0 /* MarkerMapView.xib in Resources */ = {isa = PBXBuildFile; fileRef = EF44C6222656DF120014F0D0 /* MarkerMapView.xib */; };
		EF55E8EE2614F3B700915D1C /* AppDelegate.swift in Sources */ = {isa = PBXBuildFile; fileRef = EF55E8ED2614F3B700915D1C /* AppDelegate.swift */; };
		EF55E8F82614F3B700915D1C /* TMSApp.xcdatamodeld in Sources */ = {isa = PBXBuildFile; fileRef = EF55E8F62614F3B700915D1C /* TMSApp.xcdatamodeld */; };
		EF55E8FA2614F3B800915D1C /* Assets.xcassets in Resources */ = {isa = PBXBuildFile; fileRef = EF55E8F92614F3B800915D1C /* Assets.xcassets */; };
		EF55E8FD2614F3B800915D1C /* LaunchScreen.storyboard in Resources */ = {isa = PBXBuildFile; fileRef = EF55E8FB2614F3B800915D1C /* LaunchScreen.storyboard */; };
		EF55E9082614F3B800915D1C /* TMSAppTests.swift in Sources */ = {isa = PBXBuildFile; fileRef = EF55E9072614F3B800915D1C /* TMSAppTests.swift */; };
		EF55E9132614F3B800915D1C /* TMSAppUITests.swift in Sources */ = {isa = PBXBuildFile; fileRef = EF55E9122614F3B800915D1C /* TMSAppUITests.swift */; };
		EF55E9322614F4F900915D1C /* Splash.storyboard in Resources */ = {isa = PBXBuildFile; fileRef = EF55E9312614F4F900915D1C /* Splash.storyboard */; };
		EF55E93F2614F51B00915D1C /* SplashViewController.swift in Sources */ = {isa = PBXBuildFile; fileRef = EF55E93E2614F51B00915D1C /* SplashViewController.swift */; };
		EF55E9522614F5CE00915D1C /* SukhumvitSet-Bold.ttf in Resources */ = {isa = PBXBuildFile; fileRef = EF55E94C2614F5CE00915D1C /* SukhumvitSet-Bold.ttf */; };
		EF55E9532614F5CE00915D1C /* SukhumvitSet-SemiBold.ttf in Resources */ = {isa = PBXBuildFile; fileRef = EF55E94D2614F5CE00915D1C /* SukhumvitSet-SemiBold.ttf */; };
		EF55E9542614F5CE00915D1C /* SukhumvitSet-Medium.ttf in Resources */ = {isa = PBXBuildFile; fileRef = EF55E94E2614F5CE00915D1C /* SukhumvitSet-Medium.ttf */; };
		EF55E9552614F5CE00915D1C /* SukhumvitSet-Text.ttf in Resources */ = {isa = PBXBuildFile; fileRef = EF55E94F2614F5CE00915D1C /* SukhumvitSet-Text.ttf */; };
		EF55E9562614F5CE00915D1C /* SukhumvitSet-Light.ttf in Resources */ = {isa = PBXBuildFile; fileRef = EF55E9502614F5CE00915D1C /* SukhumvitSet-Light.ttf */; };
		EF55E9572614F5CE00915D1C /* SukhumvitSet-Thin.ttf in Resources */ = {isa = PBXBuildFile; fileRef = EF55E9512614F5CE00915D1C /* SukhumvitSet-Thin.ttf */; };
		EF55E95E2614F6D100915D1C /* UserDefaults+Extension.swift in Sources */ = {isa = PBXBuildFile; fileRef = EF55E95D2614F6D100915D1C /* UserDefaults+Extension.swift */; };
		EF55E9692614F6E300915D1C /* UITextField+Extension.swift in Sources */ = {isa = PBXBuildFile; fileRef = EF55E9622614F6E300915D1C /* UITextField+Extension.swift */; };
		EF55E96A2614F6E300915D1C /* UIFont+Extension.swift in Sources */ = {isa = PBXBuildFile; fileRef = EF55E9632614F6E300915D1C /* UIFont+Extension.swift */; };
		EF55E96B2614F6E300915D1C /* UIImageView+Extension.swift in Sources */ = {isa = PBXBuildFile; fileRef = EF55E9642614F6E300915D1C /* UIImageView+Extension.swift */; };
		EF55E96C2614F6E300915D1C /* UIColor+Extension.swift in Sources */ = {isa = PBXBuildFile; fileRef = EF55E9652614F6E300915D1C /* UIColor+Extension.swift */; };
		EF55E96D2614F6E300915D1C /* UIView+Extension.swift in Sources */ = {isa = PBXBuildFile; fileRef = EF55E9662614F6E300915D1C /* UIView+Extension.swift */; };
		EF55E96E2614F6E300915D1C /* UIViewController+Extension.swift in Sources */ = {isa = PBXBuildFile; fileRef = EF55E9672614F6E300915D1C /* UIViewController+Extension.swift */; };
		EF55E96F2614F6E300915D1C /* UIButton+Extension.swift in Sources */ = {isa = PBXBuildFile; fileRef = EF55E9682614F6E300915D1C /* UIButton+Extension.swift */; };
		EF55E9742614F6F000915D1C /* Notification+Extension.swift in Sources */ = {isa = PBXBuildFile; fileRef = EF55E9732614F6F000915D1C /* Notification+Extension.swift */; };
		EF590A0126502CAF007248B4 /* ShipmentViewModel.swift in Sources */ = {isa = PBXBuildFile; fileRef = EF590A0026502CAF007248B4 /* ShipmentViewModel.swift */; };
		EF590A0826502DE7007248B4 /* GetShipmentRequest.swift in Sources */ = {isa = PBXBuildFile; fileRef = EF590A0726502DE7007248B4 /* GetShipmentRequest.swift */; };
		EF590A0E26502E1A007248B4 /* GetShipmentResponse.swift in Sources */ = {isa = PBXBuildFile; fileRef = EF590A0D26502E1A007248B4 /* GetShipmentResponse.swift */; };
		EF590A1426502F13007248B4 /* RxSwift in Frameworks */ = {isa = PBXBuildFile; productRef = EF590A1326502F13007248B4 /* RxSwift */; };
		EF590A1B265033A5007248B4 /* ShipmentTableViewCell.swift in Sources */ = {isa = PBXBuildFile; fileRef = EF590A19265033A5007248B4 /* ShipmentTableViewCell.swift */; };
		EF590A1C265033A5007248B4 /* ShipmentTableViewCell.xib in Resources */ = {isa = PBXBuildFile; fileRef = EF590A1A265033A5007248B4 /* ShipmentTableViewCell.xib */; };
		EF5E7290264EDBB500F5EE47 /* LoginViewController.swift in Sources */ = {isa = PBXBuildFile; fileRef = EF5E728F264EDBB500F5EE47 /* LoginViewController.swift */; };
		EF5E7295264EDBBC00F5EE47 /* Login.storyboard in Resources */ = {isa = PBXBuildFile; fileRef = EF5E7294264EDBBC00F5EE47 /* Login.storyboard */; };
		EF5E729E264EE73800F5EE47 /* NavigationManager.swift in Sources */ = {isa = PBXBuildFile; fileRef = EF5E729D264EE73800F5EE47 /* NavigationManager.swift */; };
		EF5E72A8264EED7B00F5EE47 /* MainTabBarViewController.swift in Sources */ = {isa = PBXBuildFile; fileRef = EF5E72A7264EED7B00F5EE47 /* MainTabBarViewController.swift */; };
		EF5E72B2264EEED000F5EE47 /* MainViewController.swift in Sources */ = {isa = PBXBuildFile; fileRef = EF5E72B1264EEED000F5EE47 /* MainViewController.swift */; };
		EF5E72BA264EEED800F5EE47 /* Main.storyboard in Resources */ = {isa = PBXBuildFile; fileRef = EF5E72B9264EEED800F5EE47 /* Main.storyboard */; };
		EF5E72BF264EF05E00F5EE47 /* MainTabBar.storyboard in Resources */ = {isa = PBXBuildFile; fileRef = EF5E72BE264EF05E00F5EE47 /* MainTabBar.storyboard */; };
		EF5E72C5264EF93700F5EE47 /* DateFormatter.swift in Sources */ = {isa = PBXBuildFile; fileRef = EF5E72C4264EF93700F5EE47 /* DateFormatter.swift */; };
		EF5E72D4264EFEAA00F5EE47 /* Shipment.storyboard in Resources */ = {isa = PBXBuildFile; fileRef = EF5E72D3264EFEAA00F5EE47 /* Shipment.storyboard */; };
		EF5E72D9264EFEB000F5EE47 /* ShipmentViewController.swift in Sources */ = {isa = PBXBuildFile; fileRef = EF5E72D8264EFEB000F5EE47 /* ShipmentViewController.swift */; };
		EF5E72DE264EFECC00F5EE47 /* Order.storyboard in Resources */ = {isa = PBXBuildFile; fileRef = EF5E72DD264EFECC00F5EE47 /* Order.storyboard */; };
		EF5E72E3264EFED300F5EE47 /* OrderViewController.swift in Sources */ = {isa = PBXBuildFile; fileRef = EF5E72E2264EFED300F5EE47 /* OrderViewController.swift */; };
		EF5E72E8264EFEFA00F5EE47 /* Appeal.storyboard in Resources */ = {isa = PBXBuildFile; fileRef = EF5E72E7264EFEFA00F5EE47 /* Appeal.storyboard */; };
		EF5E72ED264EFF0200F5EE47 /* AppealViewController.swift in Sources */ = {isa = PBXBuildFile; fileRef = EF5E72EC264EFF0200F5EE47 /* AppealViewController.swift */; };
		EF5E72F2264EFF1E00F5EE47 /* Menu.storyboard in Resources */ = {isa = PBXBuildFile; fileRef = EF5E72F1264EFF1E00F5EE47 /* Menu.storyboard */; };
		EF5E72F7264EFF2700F5EE47 /* MenuViewController.swift in Sources */ = {isa = PBXBuildFile; fileRef = EF5E72F6264EFF2700F5EE47 /* MenuViewController.swift */; };
		EF5FFB1C261A1C5600C9C43B /* NVActivityIndicatorView in Frameworks */ = {isa = PBXBuildFile; productRef = EF5FFB1B261A1C5600C9C43B /* NVActivityIndicatorView */; };
		EF5FFB1E261A1C5600C9C43B /* NVActivityIndicatorViewExtended in Frameworks */ = {isa = PBXBuildFile; productRef = EF5FFB1D261A1C5600C9C43B /* NVActivityIndicatorViewExtended */; };
/* End PBXBuildFile section */

/* Begin PBXContainerItemProxy section */
		EF55E9042614F3B800915D1C /* PBXContainerItemProxy */ = {
			isa = PBXContainerItemProxy;
			containerPortal = EF55E8E22614F3B700915D1C /* Project object */;
			proxyType = 1;
			remoteGlobalIDString = EF55E8E92614F3B700915D1C;
			remoteInfo = TMSApp;
		};
		EF55E90F2614F3B800915D1C /* PBXContainerItemProxy */ = {
			isa = PBXContainerItemProxy;
			containerPortal = EF55E8E22614F3B700915D1C /* Project object */;
			proxyType = 1;
			remoteGlobalIDString = EF55E8E92614F3B700915D1C;
			remoteInfo = TMSApp;
		};
/* End PBXContainerItemProxy section */

/* Begin PBXFileReference section */
		0E5F9DEA6F618170DA0F7B89 /* Pods-TMSApp-TMSAppUITests.release.xcconfig */ = {isa = PBXFileReference; includeInIndex = 1; lastKnownFileType = text.xcconfig; name = "Pods-TMSApp-TMSAppUITests.release.xcconfig"; path = "Target Support Files/Pods-TMSApp-TMSAppUITests/Pods-TMSApp-TMSAppUITests.release.xcconfig"; sourceTree = "<group>"; };
		1CD1BD90AFB294103F69E86C /* Pods_TMSApp_TMSAppUITests.framework */ = {isa = PBXFileReference; explicitFileType = wrapper.framework; includeInIndex = 0; path = Pods_TMSApp_TMSAppUITests.framework; sourceTree = BUILT_PRODUCTS_DIR; };
		20480C8FB5A3102C2068456C /* Pods_TMSAppTests.framework */ = {isa = PBXFileReference; explicitFileType = wrapper.framework; includeInIndex = 0; path = Pods_TMSAppTests.framework; sourceTree = BUILT_PRODUCTS_DIR; };
		2A66D53FBAE5464A5C9E599A /* Pods-TMSApp-TMSAppUITests.debug.xcconfig */ = {isa = PBXFileReference; includeInIndex = 1; lastKnownFileType = text.xcconfig; name = "Pods-TMSApp-TMSAppUITests.debug.xcconfig"; path = "Target Support Files/Pods-TMSApp-TMSAppUITests/Pods-TMSApp-TMSAppUITests.debug.xcconfig"; sourceTree = "<group>"; };
		40276A60BDA1976017E50C87 /* Pods_TMSApp.framework */ = {isa = PBXFileReference; explicitFileType = wrapper.framework; includeInIndex = 0; path = Pods_TMSApp.framework; sourceTree = BUILT_PRODUCTS_DIR; };
		43E92420FA149A651E027B90 /* Pods-TMSAppTests.release.xcconfig */ = {isa = PBXFileReference; includeInIndex = 1; lastKnownFileType = text.xcconfig; name = "Pods-TMSAppTests.release.xcconfig"; path = "Target Support Files/Pods-TMSAppTests/Pods-TMSAppTests.release.xcconfig"; sourceTree = "<group>"; };
		829279A9B8DF7F5A348CF243 /* Pods-TMSApp.debug.xcconfig */ = {isa = PBXFileReference; includeInIndex = 1; lastKnownFileType = text.xcconfig; name = "Pods-TMSApp.debug.xcconfig"; path = "Target Support Files/Pods-TMSApp/Pods-TMSApp.debug.xcconfig"; sourceTree = "<group>"; };
		B6BE57EB110F1D5FD1D51761 /* Pods-TMSAppTests.debug.xcconfig */ = {isa = PBXFileReference; includeInIndex = 1; lastKnownFileType = text.xcconfig; name = "Pods-TMSAppTests.debug.xcconfig"; path = "Target Support Files/Pods-TMSAppTests/Pods-TMSAppTests.debug.xcconfig"; sourceTree = "<group>"; };
		DA81F2E0EF4C483B6A33D4F6 /* Pods-TMSApp.release.xcconfig */ = {isa = PBXFileReference; includeInIndex = 1; lastKnownFileType = text.xcconfig; name = "Pods-TMSApp.release.xcconfig"; path = "Target Support Files/Pods-TMSApp/Pods-TMSApp.release.xcconfig"; sourceTree = "<group>"; };
		EF0EA6822653763300148157 /* AppealViewModel.swift */ = {isa = PBXFileReference; lastKnownFileType = sourcecode.swift; path = AppealViewModel.swift; sourceTree = "<group>"; };
		EF0EA68A265376B800148157 /* GetAppealResponse.swift */ = {isa = PBXFileReference; lastKnownFileType = sourcecode.swift; path = GetAppealResponse.swift; sourceTree = "<group>"; };
		EF0EA690265376CC00148157 /* GetAppealRequest.swift */ = {isa = PBXFileReference; lastKnownFileType = sourcecode.swift; path = GetAppealRequest.swift; sourceTree = "<group>"; };
		EF0EA6962653774000148157 /* AppealTableViewCell.swift */ = {isa = PBXFileReference; lastKnownFileType = sourcecode.swift; path = AppealTableViewCell.swift; sourceTree = "<group>"; };
		EF0EA6972653774000148157 /* AppealTableViewCell.xib */ = {isa = PBXFileReference; lastKnownFileType = file.xib; path = AppealTableViewCell.xib; sourceTree = "<group>"; };
		EF0EA82D2653C2F800148157 /* ShipmentDetail.storyboard */ = {isa = PBXFileReference; lastKnownFileType = file.storyboard; path = ShipmentDetail.storyboard; sourceTree = "<group>"; };
		EF0EA8322653C30900148157 /* ShipmentDetailViewController.swift */ = {isa = PBXFileReference; lastKnownFileType = sourcecode.swift; path = ShipmentDetailViewController.swift; sourceTree = "<group>"; };
		EF0EA83D26541E6A00148157 /* ShipmentDetailViewModel.swift */ = {isa = PBXFileReference; lastKnownFileType = sourcecode.swift; path = ShipmentDetailViewModel.swift; sourceTree = "<group>"; };
		EF0EA8432654224800148157 /* HeaderShipmentDetailTableViewCell.swift */ = {isa = PBXFileReference; lastKnownFileType = sourcecode.swift; path = HeaderShipmentDetailTableViewCell.swift; sourceTree = "<group>"; };
		EF0EA851265422DA00148157 /* DeliveryShipmentTableViewCell.swift */ = {isa = PBXFileReference; lastKnownFileType = sourcecode.swift; path = DeliveryShipmentTableViewCell.swift; sourceTree = "<group>"; };
		EF0EA852265422DA00148157 /* DeliveryShipmentTableViewCell.xib */ = {isa = PBXFileReference; lastKnownFileType = file.xib; path = DeliveryShipmentTableViewCell.xib; sourceTree = "<group>"; };
		EF2D2CD82650EEEC0096F757 /* GetOrderResponse.swift */ = {isa = PBXFileReference; lastKnownFileType = sourcecode.swift; path = GetOrderResponse.swift; sourceTree = "<group>"; };
		EF2D2CDD2650EEF40096F757 /* GetOrderRequest.swift */ = {isa = PBXFileReference; lastKnownFileType = sourcecode.swift; path = GetOrderRequest.swift; sourceTree = "<group>"; };
		EF2D2CE22650EF070096F757 /* OrderViewModel.swift */ = {isa = PBXFileReference; lastKnownFileType = sourcecode.swift; path = OrderViewModel.swift; sourceTree = "<group>"; };
		EF2D2CE82650F0310096F757 /* OrderTableViewCell.swift */ = {isa = PBXFileReference; lastKnownFileType = sourcecode.swift; path = OrderTableViewCell.swift; sourceTree = "<group>"; };
		EF2D2CE92650F0310096F757 /* OrderTableViewCell.xib */ = {isa = PBXFileReference; lastKnownFileType = file.xib; path = OrderTableViewCell.xib; sourceTree = "<group>"; };
		EF2D2CF326518FCF0096F757 /* MenuCollectionViewCell.swift */ = {isa = PBXFileReference; lastKnownFileType = sourcecode.swift; path = MenuCollectionViewCell.swift; sourceTree = "<group>"; };
		EF2D2CF426518FCF0096F757 /* MenuCollectionViewCell.xib */ = {isa = PBXFileReference; lastKnownFileType = file.xib; path = MenuCollectionViewCell.xib; sourceTree = "<group>"; };
		EF2D2CFA265190040096F757 /* MenuViewModel.swift */ = {isa = PBXFileReference; lastKnownFileType = sourcecode.swift; path = MenuViewModel.swift; sourceTree = "<group>"; };
		EF2D2D012651909E0096F757 /* GetMenuResponse.swift */ = {isa = PBXFileReference; lastKnownFileType = sourcecode.swift; path = GetMenuResponse.swift; sourceTree = "<group>"; };
		EF44C5F02656BA8E0014F0D0 /* EmployeeShipmentTableViewCell.swift */ = {isa = PBXFileReference; lastKnownFileType = sourcecode.swift; path = EmployeeShipmentTableViewCell.swift; sourceTree = "<group>"; };
		EF44C5F12656BA8E0014F0D0 /* EmployeeShipmentTableViewCell.xib */ = {isa = PBXFileReference; lastKnownFileType = file.xib; path = EmployeeShipmentTableViewCell.xib; sourceTree = "<group>"; };
		EF44C5FB2656BEC50014F0D0 /* CustomerShipmentTableViewCell.swift */ = {isa = PBXFileReference; lastKnownFileType = sourcecode.swift; path = CustomerShipmentTableViewCell.swift; sourceTree = "<group>"; };
		EF44C5FC2656BEC50014F0D0 /* CustomerShipmentTableViewCell.xib */ = {isa = PBXFileReference; lastKnownFileType = file.xib; path = CustomerShipmentTableViewCell.xib; sourceTree = "<group>"; };
		EF44C6052656CADB0014F0D0 /* ShipmentMap.storyboard */ = {isa = PBXFileReference; lastKnownFileType = file.storyboard; path = ShipmentMap.storyboard; sourceTree = "<group>"; };
		EF44C60A2656CAF10014F0D0 /* ShipmentMapViewController.swift */ = {isa = PBXFileReference; lastKnownFileType = sourcecode.swift; path = ShipmentMapViewController.swift; sourceTree = "<group>"; };
		EF44C61A2656DF040014F0D0 /* MarkerMapView.swift */ = {isa = PBXFileReference; lastKnownFileType = sourcecode.swift; path = MarkerMapView.swift; sourceTree = "<group>"; };
		EF44C6222656DF120014F0D0 /* MarkerMapView.xib */ = {isa = PBXFileReference; lastKnownFileType = file.xib; path = MarkerMapView.xib; sourceTree = "<group>"; };
		EF55E8EA2614F3B700915D1C /* TMSApp.app */ = {isa = PBXFileReference; explicitFileType = wrapper.application; includeInIndex = 0; path = TMSApp.app; sourceTree = BUILT_PRODUCTS_DIR; };
		EF55E8ED2614F3B700915D1C /* AppDelegate.swift */ = {isa = PBXFileReference; lastKnownFileType = sourcecode.swift; path = AppDelegate.swift; sourceTree = "<group>"; };
		EF55E8F72614F3B700915D1C /* TMSApp.xcdatamodel */ = {isa = PBXFileReference; lastKnownFileType = wrapper.xcdatamodel; path = TMSApp.xcdatamodel; sourceTree = "<group>"; };
		EF55E8F92614F3B800915D1C /* Assets.xcassets */ = {isa = PBXFileReference; lastKnownFileType = folder.assetcatalog; path = Assets.xcassets; sourceTree = "<group>"; };
		EF55E8FC2614F3B800915D1C /* Base */ = {isa = PBXFileReference; lastKnownFileType = file.storyboard; name = Base; path = Base.lproj/LaunchScreen.storyboard; sourceTree = "<group>"; };
		EF55E8FE2614F3B800915D1C /* Info.plist */ = {isa = PBXFileReference; lastKnownFileType = text.plist.xml; path = Info.plist; sourceTree = "<group>"; };
		EF55E9032614F3B800915D1C /* TMSAppTests.xctest */ = {isa = PBXFileReference; explicitFileType = wrapper.cfbundle; includeInIndex = 0; path = TMSAppTests.xctest; sourceTree = BUILT_PRODUCTS_DIR; };
		EF55E9072614F3B800915D1C /* TMSAppTests.swift */ = {isa = PBXFileReference; lastKnownFileType = sourcecode.swift; path = TMSAppTests.swift; sourceTree = "<group>"; };
		EF55E9092614F3B800915D1C /* Info.plist */ = {isa = PBXFileReference; lastKnownFileType = text.plist.xml; path = Info.plist; sourceTree = "<group>"; };
		EF55E90E2614F3B800915D1C /* TMSAppUITests.xctest */ = {isa = PBXFileReference; explicitFileType = wrapper.cfbundle; includeInIndex = 0; path = TMSAppUITests.xctest; sourceTree = BUILT_PRODUCTS_DIR; };
		EF55E9122614F3B800915D1C /* TMSAppUITests.swift */ = {isa = PBXFileReference; lastKnownFileType = sourcecode.swift; path = TMSAppUITests.swift; sourceTree = "<group>"; };
		EF55E9142614F3B800915D1C /* Info.plist */ = {isa = PBXFileReference; lastKnownFileType = text.plist.xml; path = Info.plist; sourceTree = "<group>"; };
		EF55E9312614F4F900915D1C /* Splash.storyboard */ = {isa = PBXFileReference; lastKnownFileType = file.storyboard; path = Splash.storyboard; sourceTree = "<group>"; };
		EF55E93E2614F51B00915D1C /* SplashViewController.swift */ = {isa = PBXFileReference; lastKnownFileType = sourcecode.swift; path = SplashViewController.swift; sourceTree = "<group>"; };
		EF55E94C2614F5CE00915D1C /* SukhumvitSet-Bold.ttf */ = {isa = PBXFileReference; lastKnownFileType = file; path = "SukhumvitSet-Bold.ttf"; sourceTree = "<group>"; };
		EF55E94D2614F5CE00915D1C /* SukhumvitSet-SemiBold.ttf */ = {isa = PBXFileReference; lastKnownFileType = file; path = "SukhumvitSet-SemiBold.ttf"; sourceTree = "<group>"; };
		EF55E94E2614F5CE00915D1C /* SukhumvitSet-Medium.ttf */ = {isa = PBXFileReference; lastKnownFileType = file; path = "SukhumvitSet-Medium.ttf"; sourceTree = "<group>"; };
		EF55E94F2614F5CE00915D1C /* SukhumvitSet-Text.ttf */ = {isa = PBXFileReference; lastKnownFileType = file; path = "SukhumvitSet-Text.ttf"; sourceTree = "<group>"; };
		EF55E9502614F5CE00915D1C /* SukhumvitSet-Light.ttf */ = {isa = PBXFileReference; lastKnownFileType = file; path = "SukhumvitSet-Light.ttf"; sourceTree = "<group>"; };
		EF55E9512614F5CE00915D1C /* SukhumvitSet-Thin.ttf */ = {isa = PBXFileReference; lastKnownFileType = file; path = "SukhumvitSet-Thin.ttf"; sourceTree = "<group>"; };
		EF55E95D2614F6D100915D1C /* UserDefaults+Extension.swift */ = {isa = PBXFileReference; fileEncoding = 4; lastKnownFileType = sourcecode.swift; path = "UserDefaults+Extension.swift"; sourceTree = "<group>"; };
		EF55E9622614F6E300915D1C /* UITextField+Extension.swift */ = {isa = PBXFileReference; fileEncoding = 4; lastKnownFileType = sourcecode.swift; path = "UITextField+Extension.swift"; sourceTree = "<group>"; };
		EF55E9632614F6E300915D1C /* UIFont+Extension.swift */ = {isa = PBXFileReference; fileEncoding = 4; lastKnownFileType = sourcecode.swift; path = "UIFont+Extension.swift"; sourceTree = "<group>"; };
		EF55E9642614F6E300915D1C /* UIImageView+Extension.swift */ = {isa = PBXFileReference; fileEncoding = 4; lastKnownFileType = sourcecode.swift; path = "UIImageView+Extension.swift"; sourceTree = "<group>"; };
		EF55E9652614F6E300915D1C /* UIColor+Extension.swift */ = {isa = PBXFileReference; fileEncoding = 4; lastKnownFileType = sourcecode.swift; path = "UIColor+Extension.swift"; sourceTree = "<group>"; };
		EF55E9662614F6E300915D1C /* UIView+Extension.swift */ = {isa = PBXFileReference; fileEncoding = 4; lastKnownFileType = sourcecode.swift; path = "UIView+Extension.swift"; sourceTree = "<group>"; };
		EF55E9672614F6E300915D1C /* UIViewController+Extension.swift */ = {isa = PBXFileReference; fileEncoding = 4; lastKnownFileType = sourcecode.swift; path = "UIViewController+Extension.swift"; sourceTree = "<group>"; };
		EF55E9682614F6E300915D1C /* UIButton+Extension.swift */ = {isa = PBXFileReference; fileEncoding = 4; lastKnownFileType = sourcecode.swift; path = "UIButton+Extension.swift"; sourceTree = "<group>"; };
		EF55E9732614F6F000915D1C /* Notification+Extension.swift */ = {isa = PBXFileReference; fileEncoding = 4; lastKnownFileType = sourcecode.swift; path = "Notification+Extension.swift"; sourceTree = "<group>"; };
		EF590A0026502CAF007248B4 /* ShipmentViewModel.swift */ = {isa = PBXFileReference; lastKnownFileType = sourcecode.swift; path = ShipmentViewModel.swift; sourceTree = "<group>"; };
		EF590A0726502DE7007248B4 /* GetShipmentRequest.swift */ = {isa = PBXFileReference; lastKnownFileType = sourcecode.swift; path = GetShipmentRequest.swift; sourceTree = "<group>"; };
		EF590A0D26502E1A007248B4 /* GetShipmentResponse.swift */ = {isa = PBXFileReference; lastKnownFileType = sourcecode.swift; path = GetShipmentResponse.swift; sourceTree = "<group>"; };
		EF590A19265033A5007248B4 /* ShipmentTableViewCell.swift */ = {isa = PBXFileReference; lastKnownFileType = sourcecode.swift; path = ShipmentTableViewCell.swift; sourceTree = "<group>"; };
		EF590A1A265033A5007248B4 /* ShipmentTableViewCell.xib */ = {isa = PBXFileReference; lastKnownFileType = file.xib; path = ShipmentTableViewCell.xib; sourceTree = "<group>"; };
		EF5E728F264EDBB500F5EE47 /* LoginViewController.swift */ = {isa = PBXFileReference; lastKnownFileType = sourcecode.swift; path = LoginViewController.swift; sourceTree = "<group>"; };
		EF5E7294264EDBBC00F5EE47 /* Login.storyboard */ = {isa = PBXFileReference; lastKnownFileType = file.storyboard; path = Login.storyboard; sourceTree = "<group>"; };
		EF5E729D264EE73800F5EE47 /* NavigationManager.swift */ = {isa = PBXFileReference; lastKnownFileType = sourcecode.swift; path = NavigationManager.swift; sourceTree = "<group>"; };
		EF5E72A7264EED7B00F5EE47 /* MainTabBarViewController.swift */ = {isa = PBXFileReference; lastKnownFileType = sourcecode.swift; path = MainTabBarViewController.swift; sourceTree = "<group>"; };
		EF5E72B1264EEED000F5EE47 /* MainViewController.swift */ = {isa = PBXFileReference; lastKnownFileType = sourcecode.swift; path = MainViewController.swift; sourceTree = "<group>"; };
		EF5E72B9264EEED800F5EE47 /* Main.storyboard */ = {isa = PBXFileReference; lastKnownFileType = file.storyboard; path = Main.storyboard; sourceTree = "<group>"; };
		EF5E72BE264EF05E00F5EE47 /* MainTabBar.storyboard */ = {isa = PBXFileReference; lastKnownFileType = file.storyboard; path = MainTabBar.storyboard; sourceTree = "<group>"; };
		EF5E72C4264EF93700F5EE47 /* DateFormatter.swift */ = {isa = PBXFileReference; lastKnownFileType = sourcecode.swift; path = DateFormatter.swift; sourceTree = "<group>"; };
		EF5E72D3264EFEAA00F5EE47 /* Shipment.storyboard */ = {isa = PBXFileReference; lastKnownFileType = file.storyboard; path = Shipment.storyboard; sourceTree = "<group>"; };
		EF5E72D8264EFEB000F5EE47 /* ShipmentViewController.swift */ = {isa = PBXFileReference; lastKnownFileType = sourcecode.swift; path = ShipmentViewController.swift; sourceTree = "<group>"; };
		EF5E72DD264EFECC00F5EE47 /* Order.storyboard */ = {isa = PBXFileReference; lastKnownFileType = file.storyboard; path = Order.storyboard; sourceTree = "<group>"; };
		EF5E72E2264EFED300F5EE47 /* OrderViewController.swift */ = {isa = PBXFileReference; lastKnownFileType = sourcecode.swift; path = OrderViewController.swift; sourceTree = "<group>"; };
		EF5E72E7264EFEFA00F5EE47 /* Appeal.storyboard */ = {isa = PBXFileReference; lastKnownFileType = file.storyboard; path = Appeal.storyboard; sourceTree = "<group>"; };
		EF5E72EC264EFF0200F5EE47 /* AppealViewController.swift */ = {isa = PBXFileReference; lastKnownFileType = sourcecode.swift; path = AppealViewController.swift; sourceTree = "<group>"; };
		EF5E72F1264EFF1E00F5EE47 /* Menu.storyboard */ = {isa = PBXFileReference; lastKnownFileType = file.storyboard; path = Menu.storyboard; sourceTree = "<group>"; };
		EF5E72F6264EFF2700F5EE47 /* MenuViewController.swift */ = {isa = PBXFileReference; lastKnownFileType = sourcecode.swift; path = MenuViewController.swift; sourceTree = "<group>"; };
/* End PBXFileReference section */

/* Begin PBXFrameworksBuildPhase section */
		EF55E8E72614F3B700915D1C /* Frameworks */ = {
			isa = PBXFrameworksBuildPhase;
			buildActionMask = 2147483647;
			files = (
				EF5FFB1E261A1C5600C9C43B /* NVActivityIndicatorViewExtended in Frameworks */,
				EF5FFB1C261A1C5600C9C43B /* NVActivityIndicatorView in Frameworks */,
				EF590A1426502F13007248B4 /* RxSwift in Frameworks */,
				8D115DF66119DEE986E16BA4 /* Pods_TMSApp.framework in Frameworks */,
				EF0EA863265429BC00148157 /* SnapKit in Frameworks */,
			);
			runOnlyForDeploymentPostprocessing = 0;
		};
		EF55E9002614F3B800915D1C /* Frameworks */ = {
			isa = PBXFrameworksBuildPhase;
			buildActionMask = 2147483647;
			files = (
				4D346C5FA69DDB6D6396EADE /* Pods_TMSAppTests.framework in Frameworks */,
			);
			runOnlyForDeploymentPostprocessing = 0;
		};
		EF55E90B2614F3B800915D1C /* Frameworks */ = {
			isa = PBXFrameworksBuildPhase;
			buildActionMask = 2147483647;
			files = (
				43C02A52D78B77370A2AEE77 /* Pods_TMSApp_TMSAppUITests.framework in Frameworks */,
			);
			runOnlyForDeploymentPostprocessing = 0;
		};
/* End PBXFrameworksBuildPhase section */

/* Begin PBXGroup section */
		0C951F4F62619BB6ECFCE94E /* Pods */ = {
			isa = PBXGroup;
			children = (
				829279A9B8DF7F5A348CF243 /* Pods-TMSApp.debug.xcconfig */,
				DA81F2E0EF4C483B6A33D4F6 /* Pods-TMSApp.release.xcconfig */,
				2A66D53FBAE5464A5C9E599A /* Pods-TMSApp-TMSAppUITests.debug.xcconfig */,
				0E5F9DEA6F618170DA0F7B89 /* Pods-TMSApp-TMSAppUITests.release.xcconfig */,
				B6BE57EB110F1D5FD1D51761 /* Pods-TMSAppTests.debug.xcconfig */,
				43E92420FA149A651E027B90 /* Pods-TMSAppTests.release.xcconfig */,
			);
			path = Pods;
			sourceTree = "<group>";
		};
		6C9613166A8590390A65CC6A /* Frameworks */ = {
			isa = PBXGroup;
			children = (
				40276A60BDA1976017E50C87 /* Pods_TMSApp.framework */,
				1CD1BD90AFB294103F69E86C /* Pods_TMSApp_TMSAppUITests.framework */,
				20480C8FB5A3102C2068456C /* Pods_TMSAppTests.framework */,
			);
			name = Frameworks;
			sourceTree = "<group>";
		};
		EF0EA6802653761600148157 /* View */ = {
			isa = PBXGroup;
			children = (
				EF0EA6952653772B00148157 /* AppealTableViewCell */,
			);
			path = View;
			sourceTree = "<group>";
		};
		EF0EA6812653761D00148157 /* ViewModel */ = {
			isa = PBXGroup;
			children = (
				EF0EA6822653763300148157 /* AppealViewModel.swift */,
			);
			path = ViewModel;
			sourceTree = "<group>";
		};
		EF0EA6872653769600148157 /* Model */ = {
			isa = PBXGroup;
			children = (
				EF0EA688265376A400148157 /* GetAppeal */,
			);
			path = Model;
			sourceTree = "<group>";
		};
		EF0EA688265376A400148157 /* GetAppeal */ = {
			isa = PBXGroup;
			children = (
				EF0EA68F265376BE00148157 /* Request */,
				EF0EA689265376AC00148157 /* Response */,
			);
			path = GetAppeal;
			sourceTree = "<group>";
		};
		EF0EA689265376AC00148157 /* Response */ = {
			isa = PBXGroup;
			children = (
				EF0EA68A265376B800148157 /* GetAppealResponse.swift */,
			);
			path = Response;
			sourceTree = "<group>";
		};
		EF0EA68F265376BE00148157 /* Request */ = {
			isa = PBXGroup;
			children = (
				EF0EA690265376CC00148157 /* GetAppealRequest.swift */,
			);
			path = Request;
			sourceTree = "<group>";
		};
		EF0EA6952653772B00148157 /* AppealTableViewCell */ = {
			isa = PBXGroup;
			children = (
				EF0EA6962653774000148157 /* AppealTableViewCell.swift */,
				EF0EA6972653774000148157 /* AppealTableViewCell.xib */,
			);
			path = AppealTableViewCell;
			sourceTree = "<group>";
		};
		EF0EA82B2653C2C700148157 /* ShipmentDetail */ = {
			isa = PBXGroup;
			children = (
				EF0EA8392653C31800148157 /* Model */,
				EF0EA8382653C31200148157 /* ViewModel */,
				EF0EA8372653C30D00148157 /* View */,
				EF0EA82D2653C2F800148157 /* ShipmentDetail.storyboard */,
				EF0EA8322653C30900148157 /* ShipmentDetailViewController.swift */,
			);
			path = ShipmentDetail;
			sourceTree = "<group>";
		};
		EF0EA82C2653C2E400148157 /* ShipmentMap */ = {
			isa = PBXGroup;
			children = (
				EF44C6182656DED90014F0D0 /* View */,
				EF44C6052656CADB0014F0D0 /* ShipmentMap.storyboard */,
				EF44C60A2656CAF10014F0D0 /* ShipmentMapViewController.swift */,
			);
			path = ShipmentMap;
			sourceTree = "<group>";
		};
		EF0EA8372653C30D00148157 /* View */ = {
			isa = PBXGroup;
			children = (
				EF44C5FA2656BEAE0014F0D0 /* CustomerShipmentTableViewCell */,
				EF44C5EF2656BA780014F0D0 /* EmployeeShipmentTableViewCell */,
				EF0EA850265422B200148157 /* DeliveryShipmentTableViewCell */,
				EF0EA8422654221600148157 /* HeaderShipmentDetailTableViewCell */,
			);
			path = View;
			sourceTree = "<group>";
		};
		EF0EA8382653C31200148157 /* ViewModel */ = {
			isa = PBXGroup;
			children = (
				EF0EA83D26541E6A00148157 /* ShipmentDetailViewModel.swift */,
			);
			path = ViewModel;
			sourceTree = "<group>";
		};
		EF0EA8392653C31800148157 /* Model */ = {
			isa = PBXGroup;
			children = (
			);
			path = Model;
			sourceTree = "<group>";
		};
		EF0EA8422654221600148157 /* HeaderShipmentDetailTableViewCell */ = {
			isa = PBXGroup;
			children = (
				EF0EA8432654224800148157 /* HeaderShipmentDetailTableViewCell.swift */,
			);
			path = HeaderShipmentDetailTableViewCell;
			sourceTree = "<group>";
		};
		EF0EA850265422B200148157 /* DeliveryShipmentTableViewCell */ = {
			isa = PBXGroup;
			children = (
				EF0EA851265422DA00148157 /* DeliveryShipmentTableViewCell.swift */,
				EF0EA852265422DA00148157 /* DeliveryShipmentTableViewCell.xib */,
			);
			path = DeliveryShipmentTableViewCell;
			sourceTree = "<group>";
		};
		EF2D2CD22650EEA80096F757 /* View */ = {
			isa = PBXGroup;
			children = (
				EF2D2CE72650F0230096F757 /* OrderTableViewCell */,
			);
			path = View;
			sourceTree = "<group>";
		};
		EF2D2CD32650EEAD0096F757 /* ViewModel */ = {
			isa = PBXGroup;
			children = (
				EF2D2CE22650EF070096F757 /* OrderViewModel.swift */,
			);
			path = ViewModel;
			sourceTree = "<group>";
		};
		EF2D2CD42650EEB90096F757 /* Model */ = {
			isa = PBXGroup;
			children = (
				EF2D2CD52650EECA0096F757 /* GetOrder */,
			);
			path = Model;
			sourceTree = "<group>";
		};
		EF2D2CD52650EECA0096F757 /* GetOrder */ = {
			isa = PBXGroup;
			children = (
				EF2D2CD72650EEE00096F757 /* Response */,
				EF2D2CD62650EEDA0096F757 /* Request */,
			);
			path = GetOrder;
			sourceTree = "<group>";
		};
		EF2D2CD62650EEDA0096F757 /* Request */ = {
			isa = PBXGroup;
			children = (
				EF2D2CDD2650EEF40096F757 /* GetOrderRequest.swift */,
			);
			path = Request;
			sourceTree = "<group>";
		};
		EF2D2CD72650EEE00096F757 /* Response */ = {
			isa = PBXGroup;
			children = (
				EF2D2CD82650EEEC0096F757 /* GetOrderResponse.swift */,
			);
			path = Response;
			sourceTree = "<group>";
		};
		EF2D2CE72650F0230096F757 /* OrderTableViewCell */ = {
			isa = PBXGroup;
			children = (
				EF2D2CE82650F0310096F757 /* OrderTableViewCell.swift */,
				EF2D2CE92650F0310096F757 /* OrderTableViewCell.xib */,
			);
			path = OrderTableViewCell;
			sourceTree = "<group>";
		};
		EF2D2CEF26518F8E0096F757 /* View */ = {
			isa = PBXGroup;
			children = (
				EF2D2CF226518FAD0096F757 /* MenuCollectionViewCell */,
			);
			path = View;
			sourceTree = "<group>";
		};
		EF2D2CF026518F940096F757 /* ViewModel */ = {
			isa = PBXGroup;
			children = (
				EF2D2CFA265190040096F757 /* MenuViewModel.swift */,
			);
			path = ViewModel;
			sourceTree = "<group>";
		};
		EF2D2CF126518F9A0096F757 /* Model */ = {
			isa = PBXGroup;
			children = (
				EF2D2CFF265190880096F757 /* GetMenu */,
			);
			path = Model;
			sourceTree = "<group>";
		};
		EF2D2CF226518FAD0096F757 /* MenuCollectionViewCell */ = {
			isa = PBXGroup;
			children = (
				EF2D2CF326518FCF0096F757 /* MenuCollectionViewCell.swift */,
				EF2D2CF426518FCF0096F757 /* MenuCollectionViewCell.xib */,
			);
			path = MenuCollectionViewCell;
			sourceTree = "<group>";
		};
		EF2D2CFF265190880096F757 /* GetMenu */ = {
			isa = PBXGroup;
			children = (
				EF2D2D00265190920096F757 /* Response */,
			);
			path = GetMenu;
			sourceTree = "<group>";
		};
		EF2D2D00265190920096F757 /* Response */ = {
			isa = PBXGroup;
			children = (
				EF2D2D012651909E0096F757 /* GetMenuResponse.swift */,
			);
			path = Response;
			sourceTree = "<group>";
		};
		EF44C5EF2656BA780014F0D0 /* EmployeeShipmentTableViewCell */ = {
			isa = PBXGroup;
			children = (
				EF44C5F02656BA8E0014F0D0 /* EmployeeShipmentTableViewCell.swift */,
				EF44C5F12656BA8E0014F0D0 /* EmployeeShipmentTableViewCell.xib */,
			);
			path = EmployeeShipmentTableViewCell;
			sourceTree = "<group>";
		};
		EF44C5FA2656BEAE0014F0D0 /* CustomerShipmentTableViewCell */ = {
			isa = PBXGroup;
			children = (
				EF44C5FB2656BEC50014F0D0 /* CustomerShipmentTableViewCell.swift */,
				EF44C5FC2656BEC50014F0D0 /* CustomerShipmentTableViewCell.xib */,
			);
			path = CustomerShipmentTableViewCell;
			sourceTree = "<group>";
		};
		EF44C6182656DED90014F0D0 /* View */ = {
			isa = PBXGroup;
			children = (
				EF44C6192656DEDD0014F0D0 /* MarkerMapCustom */,
			);
			path = View;
			sourceTree = "<group>";
		};
		EF44C6192656DEDD0014F0D0 /* MarkerMapCustom */ = {
			isa = PBXGroup;
			children = (
				EF44C61A2656DF040014F0D0 /* MarkerMapView.swift */,
				EF44C6222656DF120014F0D0 /* MarkerMapView.xib */,
			);
			path = MarkerMapCustom;
			sourceTree = "<group>";
		};
		EF55E8E12614F3B700915D1C = {
			isa = PBXGroup;
			children = (
				EF55E8EC2614F3B700915D1C /* TMSApp */,
				EF55E9062614F3B800915D1C /* TMSAppTests */,
				EF55E9112614F3B800915D1C /* TMSAppUITests */,
				EF55E8EB2614F3B700915D1C /* Products */,
				0C951F4F62619BB6ECFCE94E /* Pods */,
				6C9613166A8590390A65CC6A /* Frameworks */,
			);
			sourceTree = "<group>";
		};
		EF55E8EB2614F3B700915D1C /* Products */ = {
			isa = PBXGroup;
			children = (
				EF55E8EA2614F3B700915D1C /* TMSApp.app */,
				EF55E9032614F3B800915D1C /* TMSAppTests.xctest */,
				EF55E90E2614F3B800915D1C /* TMSAppUITests.xctest */,
			);
			name = Products;
			sourceTree = "<group>";
		};
		EF55E8EC2614F3B700915D1C /* TMSApp */ = {
			isa = PBXGroup;
			children = (
				EF5E72C3264EF90900F5EE47 /* Utility */,
				EF5E729C264EE71700F5EE47 /* Helpers */,
				EF55E95B2614F69000915D1C /* Classes */,
				EF55E9282614F4AB00915D1C /* Resource */,
				EF55E9272614F4A000915D1C /* Scene */,
				EF55E8ED2614F3B700915D1C /* AppDelegate.swift */,
				EF55E8FB2614F3B800915D1C /* LaunchScreen.storyboard */,
				EF55E8FE2614F3B800915D1C /* Info.plist */,
				EF55E8F62614F3B700915D1C /* TMSApp.xcdatamodeld */,
			);
			path = TMSApp;
			sourceTree = "<group>";
		};
		EF55E9062614F3B800915D1C /* TMSAppTests */ = {
			isa = PBXGroup;
			children = (
				EF55E9072614F3B800915D1C /* TMSAppTests.swift */,
				EF55E9092614F3B800915D1C /* Info.plist */,
			);
			path = TMSAppTests;
			sourceTree = "<group>";
		};
		EF55E9112614F3B800915D1C /* TMSAppUITests */ = {
			isa = PBXGroup;
			children = (
				EF55E9122614F3B800915D1C /* TMSAppUITests.swift */,
				EF55E9142614F3B800915D1C /* Info.plist */,
			);
			path = TMSAppUITests;
			sourceTree = "<group>";
		};
		EF55E9272614F4A000915D1C /* Scene */ = {
			isa = PBXGroup;
			children = (
				EF5E72A5264EED1400F5EE47 /* Main */,
				EF5E728D264EDB9E00F5EE47 /* Login */,
				EF55E9302614F4E800915D1C /* Splash */,
			);
			path = Scene;
			sourceTree = "<group>";
		};
		EF55E9282614F4AB00915D1C /* Resource */ = {
			isa = PBXGroup;
			children = (
				EF55E92A2614F4C400915D1C /* Assets */,
				EF55E9292614F4BD00915D1C /* Fonts */,
			);
			path = Resource;
			sourceTree = "<group>";
		};
		EF55E9292614F4BD00915D1C /* Fonts */ = {
			isa = PBXGroup;
			children = (
				EF55E94C2614F5CE00915D1C /* SukhumvitSet-Bold.ttf */,
				EF55E9502614F5CE00915D1C /* SukhumvitSet-Light.ttf */,
				EF55E94E2614F5CE00915D1C /* SukhumvitSet-Medium.ttf */,
				EF55E94D2614F5CE00915D1C /* SukhumvitSet-SemiBold.ttf */,
				EF55E94F2614F5CE00915D1C /* SukhumvitSet-Text.ttf */,
				EF55E9512614F5CE00915D1C /* SukhumvitSet-Thin.ttf */,
			);
			path = Fonts;
			sourceTree = "<group>";
		};
		EF55E92A2614F4C400915D1C /* Assets */ = {
			isa = PBXGroup;
			children = (
				EF55E8F92614F3B800915D1C /* Assets.xcassets */,
			);
			path = Assets;
			sourceTree = "<group>";
		};
		EF55E9302614F4E800915D1C /* Splash */ = {
			isa = PBXGroup;
			children = (
				EF55E9312614F4F900915D1C /* Splash.storyboard */,
				EF55E93E2614F51B00915D1C /* SplashViewController.swift */,
			);
			path = Splash;
			sourceTree = "<group>";
		};
		EF55E95B2614F69000915D1C /* Classes */ = {
			isa = PBXGroup;
			children = (
				EF55E95C2614F6A000915D1C /* Extensions */,
			);
			path = Classes;
			sourceTree = "<group>";
		};
		EF55E95C2614F6A000915D1C /* Extensions */ = {
			isa = PBXGroup;
			children = (
				EF55E9732614F6F000915D1C /* Notification+Extension.swift */,
				EF55E9682614F6E300915D1C /* UIButton+Extension.swift */,
				EF55E9652614F6E300915D1C /* UIColor+Extension.swift */,
				EF55E9632614F6E300915D1C /* UIFont+Extension.swift */,
				EF55E9642614F6E300915D1C /* UIImageView+Extension.swift */,
				EF55E9622614F6E300915D1C /* UITextField+Extension.swift */,
				EF55E9662614F6E300915D1C /* UIView+Extension.swift */,
				EF55E9672614F6E300915D1C /* UIViewController+Extension.swift */,
				EF55E95D2614F6D100915D1C /* UserDefaults+Extension.swift */,
			);
			path = Extensions;
			sourceTree = "<group>";
		};
		EF5909F926502B59007248B4 /* View */ = {
			isa = PBXGroup;
			children = (
				EF590A1826503380007248B4 /* ShipmentTableViewCell */,
			);
			path = View;
			sourceTree = "<group>";
		};
		EF5909FA26502B61007248B4 /* ViewModel */ = {
			isa = PBXGroup;
			children = (
				EF590A0026502CAF007248B4 /* ShipmentViewModel.swift */,
			);
			path = ViewModel;
			sourceTree = "<group>";
		};
		EF5909FB26502B68007248B4 /* Model */ = {
			isa = PBXGroup;
			children = (
				EF590A0526502DC9007248B4 /* GetShipment */,
			);
			path = Model;
			sourceTree = "<group>";
		};
		EF5909FC26502B85007248B4 /* Scene */ = {
			isa = PBXGroup;
			children = (
				EF0EA82C2653C2E400148157 /* ShipmentMap */,
				EF0EA82B2653C2C700148157 /* ShipmentDetail */,
			);
			path = Scene;
			sourceTree = "<group>";
		};
		EF590A0526502DC9007248B4 /* GetShipment */ = {
			isa = PBXGroup;
			children = (
				EF590A0C26502E0D007248B4 /* Response */,
				EF590A0626502DD5007248B4 /* Request */,
			);
			path = GetShipment;
			sourceTree = "<group>";
		};
		EF590A0626502DD5007248B4 /* Request */ = {
			isa = PBXGroup;
			children = (
				EF590A0726502DE7007248B4 /* GetShipmentRequest.swift */,
			);
			path = Request;
			sourceTree = "<group>";
		};
		EF590A0C26502E0D007248B4 /* Response */ = {
			isa = PBXGroup;
			children = (
				EF590A0D26502E1A007248B4 /* GetShipmentResponse.swift */,
			);
			path = Response;
			sourceTree = "<group>";
		};
		EF590A1826503380007248B4 /* ShipmentTableViewCell */ = {
			isa = PBXGroup;
			children = (
				EF590A19265033A5007248B4 /* ShipmentTableViewCell.swift */,
				EF590A1A265033A5007248B4 /* ShipmentTableViewCell.xib */,
			);
			path = ShipmentTableViewCell;
			sourceTree = "<group>";
		};
		EF5E728D264EDB9E00F5EE47 /* Login */ = {
			isa = PBXGroup;
			children = (
				EF5E728F264EDBB500F5EE47 /* LoginViewController.swift */,
				EF5E7294264EDBBC00F5EE47 /* Login.storyboard */,
			);
			path = Login;
			sourceTree = "<group>";
		};
		EF5E729C264EE71700F5EE47 /* Helpers */ = {
			isa = PBXGroup;
			children = (
				EF5E729D264EE73800F5EE47 /* NavigationManager.swift */,
			);
			path = Helpers;
			sourceTree = "<group>";
		};
		EF5E72A5264EED1400F5EE47 /* Main */ = {
			isa = PBXGroup;
			children = (
				EF5E72AF264EEEB700F5EE47 /* Views */,
				EF5E72A6264EED5700F5EE47 /* MainTabBar */,
			);
			path = Main;
			sourceTree = "<group>";
		};
		EF5E72A6264EED5700F5EE47 /* MainTabBar */ = {
			isa = PBXGroup;
			children = (
				EF5E72A7264EED7B00F5EE47 /* MainTabBarViewController.swift */,
				EF5E72BE264EF05E00F5EE47 /* MainTabBar.storyboard */,
			);
			path = MainTabBar;
			sourceTree = "<group>";
		};
		EF5E72AF264EEEB700F5EE47 /* Views */ = {
			isa = PBXGroup;
			children = (
				EF5E72CF264EFE8A00F5EE47 /* Menu */,
				EF5E72CE264EFE7B00F5EE47 /* Appeal */,
				EF5E72CD264EFE3D00F5EE47 /* Order */,
				EF5E72CC264EFE3500F5EE47 /* Shipment */,
				EF5E72B0264EEEC100F5EE47 /* Main */,
			);
			path = Views;
			sourceTree = "<group>";
		};
		EF5E72B0264EEEC100F5EE47 /* Main */ = {
			isa = PBXGroup;
			children = (
				EF5E72B1264EEED000F5EE47 /* MainViewController.swift */,
				EF5E72B9264EEED800F5EE47 /* Main.storyboard */,
			);
			path = Main;
			sourceTree = "<group>";
		};
		EF5E72C3264EF90900F5EE47 /* Utility */ = {
			isa = PBXGroup;
			children = (
				EF5E72C4264EF93700F5EE47 /* DateFormatter.swift */,
			);
			path = Utility;
			sourceTree = "<group>";
		};
		EF5E72CC264EFE3500F5EE47 /* Shipment */ = {
			isa = PBXGroup;
			children = (
				EF5909FC26502B85007248B4 /* Scene */,
				EF5909FB26502B68007248B4 /* Model */,
				EF5909FA26502B61007248B4 /* ViewModel */,
				EF5909F926502B59007248B4 /* View */,
				EF5E72D3264EFEAA00F5EE47 /* Shipment.storyboard */,
				EF5E72D8264EFEB000F5EE47 /* ShipmentViewController.swift */,
			);
			path = Shipment;
			sourceTree = "<group>";
		};
		EF5E72CD264EFE3D00F5EE47 /* Order */ = {
			isa = PBXGroup;
			children = (
				EF2D2CD42650EEB90096F757 /* Model */,
				EF2D2CD32650EEAD0096F757 /* ViewModel */,
				EF2D2CD22650EEA80096F757 /* View */,
				EF5E72DD264EFECC00F5EE47 /* Order.storyboard */,
				EF5E72E2264EFED300F5EE47 /* OrderViewController.swift */,
			);
			path = Order;
			sourceTree = "<group>";
		};
		EF5E72CE264EFE7B00F5EE47 /* Appeal */ = {
			isa = PBXGroup;
			children = (
				EF0EA6872653769600148157 /* Model */,
				EF0EA6812653761D00148157 /* ViewModel */,
				EF0EA6802653761600148157 /* View */,
				EF5E72E7264EFEFA00F5EE47 /* Appeal.storyboard */,
				EF5E72EC264EFF0200F5EE47 /* AppealViewController.swift */,
			);
			path = Appeal;
			sourceTree = "<group>";
		};
		EF5E72CF264EFE8A00F5EE47 /* Menu */ = {
			isa = PBXGroup;
			children = (
				EF2D2CF126518F9A0096F757 /* Model */,
				EF2D2CF026518F940096F757 /* ViewModel */,
				EF2D2CEF26518F8E0096F757 /* View */,
				EF5E72F1264EFF1E00F5EE47 /* Menu.storyboard */,
				EF5E72F6264EFF2700F5EE47 /* MenuViewController.swift */,
			);
			path = Menu;
			sourceTree = "<group>";
		};
/* End PBXGroup section */

/* Begin PBXNativeTarget section */
		EF55E8E92614F3B700915D1C /* TMSApp */ = {
			isa = PBXNativeTarget;
			buildConfigurationList = EF55E9172614F3B800915D1C /* Build configuration list for PBXNativeTarget "TMSApp" */;
			buildPhases = (
				CC77496B0B446329150AF5F9 /* [CP] Check Pods Manifest.lock */,
				EF55E8E62614F3B700915D1C /* Sources */,
				EF55E8E72614F3B700915D1C /* Frameworks */,
				EF55E8E82614F3B700915D1C /* Resources */,
				948E1D08B963013514ABE81D /* [CP] Embed Pods Frameworks */,
				6BA55C5323E8BDF916905566 /* [CP] Copy Pods Resources */,
			);
			buildRules = (
			);
			dependencies = (
			);
			name = TMSApp;
			packageProductDependencies = (
				EF5FFB1B261A1C5600C9C43B /* NVActivityIndicatorView */,
				EF5FFB1D261A1C5600C9C43B /* NVActivityIndicatorViewExtended */,
				EF590A1326502F13007248B4 /* RxSwift */,
				EF0EA862265429BC00148157 /* SnapKit */,
			);
			productName = TMSApp;
			productReference = EF55E8EA2614F3B700915D1C /* TMSApp.app */;
			productType = "com.apple.product-type.application";
		};
		EF55E9022614F3B800915D1C /* TMSAppTests */ = {
			isa = PBXNativeTarget;
			buildConfigurationList = EF55E91A2614F3B800915D1C /* Build configuration list for PBXNativeTarget "TMSAppTests" */;
			buildPhases = (
				543406CC999B571743C0E71F /* [CP] Check Pods Manifest.lock */,
				EF55E8FF2614F3B800915D1C /* Sources */,
				EF55E9002614F3B800915D1C /* Frameworks */,
				EF55E9012614F3B800915D1C /* Resources */,
			);
			buildRules = (
			);
			dependencies = (
				EF55E9052614F3B800915D1C /* PBXTargetDependency */,
			);
			name = TMSAppTests;
			productName = TMSAppTests;
			productReference = EF55E9032614F3B800915D1C /* TMSAppTests.xctest */;
			productType = "com.apple.product-type.bundle.unit-test";
		};
		EF55E90D2614F3B800915D1C /* TMSAppUITests */ = {
			isa = PBXNativeTarget;
			buildConfigurationList = EF55E91D2614F3B800915D1C /* Build configuration list for PBXNativeTarget "TMSAppUITests" */;
			buildPhases = (
				9D032796B0327D0D57866030 /* [CP] Check Pods Manifest.lock */,
				EF55E90A2614F3B800915D1C /* Sources */,
				EF55E90B2614F3B800915D1C /* Frameworks */,
				EF55E90C2614F3B800915D1C /* Resources */,
				24502AA6404551186F61585A /* [CP] Embed Pods Frameworks */,
				4BC3BACF6D300D1AE7781C51 /* [CP] Copy Pods Resources */,
			);
			buildRules = (
			);
			dependencies = (
				EF55E9102614F3B800915D1C /* PBXTargetDependency */,
			);
			name = TMSAppUITests;
			productName = TMSAppUITests;
			productReference = EF55E90E2614F3B800915D1C /* TMSAppUITests.xctest */;
			productType = "com.apple.product-type.bundle.ui-testing";
		};
/* End PBXNativeTarget section */

/* Begin PBXProject section */
		EF55E8E22614F3B700915D1C /* Project object */ = {
			isa = PBXProject;
			attributes = {
				LastSwiftUpdateCheck = 1240;
				LastUpgradeCheck = 1240;
				TargetAttributes = {
					EF55E8E92614F3B700915D1C = {
						CreatedOnToolsVersion = 12.4;
					};
					EF55E9022614F3B800915D1C = {
						CreatedOnToolsVersion = 12.4;
						TestTargetID = EF55E8E92614F3B700915D1C;
					};
					EF55E90D2614F3B800915D1C = {
						CreatedOnToolsVersion = 12.4;
						TestTargetID = EF55E8E92614F3B700915D1C;
					};
				};
			};
			buildConfigurationList = EF55E8E52614F3B700915D1C /* Build configuration list for PBXProject "TMSApp" */;
			compatibilityVersion = "Xcode 9.3";
			developmentRegion = en;
			hasScannedForEncodings = 0;
			knownRegions = (
				en,
				Base,
			);
			mainGroup = EF55E8E12614F3B700915D1C;
			packageReferences = (
				EF5FFB1A261A1C5600C9C43B /* XCRemoteSwiftPackageReference "NVActivityIndicatorView" */,
				EF590A1226502F13007248B4 /* XCRemoteSwiftPackageReference "RxSwift" */,
				EF0EA861265429BC00148157 /* XCRemoteSwiftPackageReference "SnapKit" */,
			);
			productRefGroup = EF55E8EB2614F3B700915D1C /* Products */;
			projectDirPath = "";
			projectRoot = "";
			targets = (
				EF55E8E92614F3B700915D1C /* TMSApp */,
				EF55E9022614F3B800915D1C /* TMSAppTests */,
				EF55E90D2614F3B800915D1C /* TMSAppUITests */,
			);
		};
/* End PBXProject section */

/* Begin PBXResourcesBuildPhase section */
		EF55E8E82614F3B700915D1C /* Resources */ = {
			isa = PBXResourcesBuildPhase;
			buildActionMask = 2147483647;
			files = (
				EF44C5F32656BA8E0014F0D0 /* EmployeeShipmentTableViewCell.xib in Resources */,
				EF2D2CF626518FCF0096F757 /* MenuCollectionViewCell.xib in Resources */,
				EF44C6062656CADB0014F0D0 /* ShipmentMap.storyboard in Resources */,
				EF44C6232656DF120014F0D0 /* MarkerMapView.xib in Resources */,
				EF55E8FD2614F3B800915D1C /* LaunchScreen.storyboard in Resources */,
				EF55E9542614F5CE00915D1C /* SukhumvitSet-Medium.ttf in Resources */,
				EF55E9572614F5CE00915D1C /* SukhumvitSet-Thin.ttf in Resources */,
				EF44C5FE2656BEC50014F0D0 /* CustomerShipmentTableViewCell.xib in Resources */,
				EF590A1C265033A5007248B4 /* ShipmentTableViewCell.xib in Resources */,
				EF55E9562614F5CE00915D1C /* SukhumvitSet-Light.ttf in Resources */,
				EF0EA854265422DA00148157 /* DeliveryShipmentTableViewCell.xib in Resources */,
				EF55E8FA2614F3B800915D1C /* Assets.xcassets in Resources */,
				EF5E72BA264EEED800F5EE47 /* Main.storyboard in Resources */,
				EF55E9532614F5CE00915D1C /* SukhumvitSet-SemiBold.ttf in Resources */,
				EF55E9322614F4F900915D1C /* Splash.storyboard in Resources */,
				EF55E9522614F5CE00915D1C /* SukhumvitSet-Bold.ttf in Resources */,
				EF5E72E8264EFEFA00F5EE47 /* Appeal.storyboard in Resources */,
				EF5E72BF264EF05E00F5EE47 /* MainTabBar.storyboard in Resources */,
				EF2D2CEB2650F0310096F757 /* OrderTableViewCell.xib in Resources */,
				EF5E72F2264EFF1E00F5EE47 /* Menu.storyboard in Resources */,
				EF5E7295264EDBBC00F5EE47 /* Login.storyboard in Resources */,
				EF5E72DE264EFECC00F5EE47 /* Order.storyboard in Resources */,
				EF0EA82E2653C2F800148157 /* ShipmentDetail.storyboard in Resources */,
				EF55E9552614F5CE00915D1C /* SukhumvitSet-Text.ttf in Resources */,
				EF0EA6992653774000148157 /* AppealTableViewCell.xib in Resources */,
				EF5E72D4264EFEAA00F5EE47 /* Shipment.storyboard in Resources */,
			);
			runOnlyForDeploymentPostprocessing = 0;
		};
		EF55E9012614F3B800915D1C /* Resources */ = {
			isa = PBXResourcesBuildPhase;
			buildActionMask = 2147483647;
			files = (
			);
			runOnlyForDeploymentPostprocessing = 0;
		};
		EF55E90C2614F3B800915D1C /* Resources */ = {
			isa = PBXResourcesBuildPhase;
			buildActionMask = 2147483647;
			files = (
			);
			runOnlyForDeploymentPostprocessing = 0;
		};
/* End PBXResourcesBuildPhase section */

/* Begin PBXShellScriptBuildPhase section */
		24502AA6404551186F61585A /* [CP] Embed Pods Frameworks */ = {
			isa = PBXShellScriptBuildPhase;
			buildActionMask = 2147483647;
			files = (
			);
			inputFileListPaths = (
				"${PODS_ROOT}/Target Support Files/Pods-TMSApp-TMSAppUITests/Pods-TMSApp-TMSAppUITests-frameworks-${CONFIGURATION}-input-files.xcfilelist",
			);
			name = "[CP] Embed Pods Frameworks";
			outputFileListPaths = (
				"${PODS_ROOT}/Target Support Files/Pods-TMSApp-TMSAppUITests/Pods-TMSApp-TMSAppUITests-frameworks-${CONFIGURATION}-output-files.xcfilelist",
			);
			runOnlyForDeploymentPostprocessing = 0;
			shellPath = /bin/sh;
			shellScript = "\"${PODS_ROOT}/Target Support Files/Pods-TMSApp-TMSAppUITests/Pods-TMSApp-TMSAppUITests-frameworks.sh\"\n";
			showEnvVarsInLog = 0;
		};
		4BC3BACF6D300D1AE7781C51 /* [CP] Copy Pods Resources */ = {
			isa = PBXShellScriptBuildPhase;
			buildActionMask = 2147483647;
			files = (
			);
			inputFileListPaths = (
				"${PODS_ROOT}/Target Support Files/Pods-TMSApp-TMSAppUITests/Pods-TMSApp-TMSAppUITests-resources-${CONFIGURATION}-input-files.xcfilelist",
			);
			name = "[CP] Copy Pods Resources";
			outputFileListPaths = (
				"${PODS_ROOT}/Target Support Files/Pods-TMSApp-TMSAppUITests/Pods-TMSApp-TMSAppUITests-resources-${CONFIGURATION}-output-files.xcfilelist",
			);
			runOnlyForDeploymentPostprocessing = 0;
			shellPath = /bin/sh;
			shellScript = "\"${PODS_ROOT}/Target Support Files/Pods-TMSApp-TMSAppUITests/Pods-TMSApp-TMSAppUITests-resources.sh\"\n";
			showEnvVarsInLog = 0;
		};
		543406CC999B571743C0E71F /* [CP] Check Pods Manifest.lock */ = {
			isa = PBXShellScriptBuildPhase;
			buildActionMask = 2147483647;
			files = (
			);
			inputFileListPaths = (
			);
			inputPaths = (
				"${PODS_PODFILE_DIR_PATH}/Podfile.lock",
				"${PODS_ROOT}/Manifest.lock",
			);
			name = "[CP] Check Pods Manifest.lock";
			outputFileListPaths = (
			);
			outputPaths = (
				"$(DERIVED_FILE_DIR)/Pods-TMSAppTests-checkManifestLockResult.txt",
			);
			runOnlyForDeploymentPostprocessing = 0;
			shellPath = /bin/sh;
			shellScript = "diff \"${PODS_PODFILE_DIR_PATH}/Podfile.lock\" \"${PODS_ROOT}/Manifest.lock\" > /dev/null\nif [ $? != 0 ] ; then\n    # print error to STDERR\n    echo \"error: The sandbox is not in sync with the Podfile.lock. Run 'pod install' or update your CocoaPods installation.\" >&2\n    exit 1\nfi\n# This output is used by Xcode 'outputs' to avoid re-running this script phase.\necho \"SUCCESS\" > \"${SCRIPT_OUTPUT_FILE_0}\"\n";
			showEnvVarsInLog = 0;
		};
		6BA55C5323E8BDF916905566 /* [CP] Copy Pods Resources */ = {
			isa = PBXShellScriptBuildPhase;
			buildActionMask = 2147483647;
			files = (
			);
			inputFileListPaths = (
				"${PODS_ROOT}/Target Support Files/Pods-TMSApp/Pods-TMSApp-resources-${CONFIGURATION}-input-files.xcfilelist",
			);
			name = "[CP] Copy Pods Resources";
			outputFileListPaths = (
				"${PODS_ROOT}/Target Support Files/Pods-TMSApp/Pods-TMSApp-resources-${CONFIGURATION}-output-files.xcfilelist",
			);
			runOnlyForDeploymentPostprocessing = 0;
			shellPath = /bin/sh;
			shellScript = "\"${PODS_ROOT}/Target Support Files/Pods-TMSApp/Pods-TMSApp-resources.sh\"\n";
			showEnvVarsInLog = 0;
		};
		948E1D08B963013514ABE81D /* [CP] Embed Pods Frameworks */ = {
			isa = PBXShellScriptBuildPhase;
			buildActionMask = 2147483647;
			files = (
			);
			inputFileListPaths = (
				"${PODS_ROOT}/Target Support Files/Pods-TMSApp/Pods-TMSApp-frameworks-${CONFIGURATION}-input-files.xcfilelist",
			);
			name = "[CP] Embed Pods Frameworks";
			outputFileListPaths = (
				"${PODS_ROOT}/Target Support Files/Pods-TMSApp/Pods-TMSApp-frameworks-${CONFIGURATION}-output-files.xcfilelist",
			);
			runOnlyForDeploymentPostprocessing = 0;
			shellPath = /bin/sh;
			shellScript = "\"${PODS_ROOT}/Target Support Files/Pods-TMSApp/Pods-TMSApp-frameworks.sh\"\n";
			showEnvVarsInLog = 0;
		};
		9D032796B0327D0D57866030 /* [CP] Check Pods Manifest.lock */ = {
			isa = PBXShellScriptBuildPhase;
			buildActionMask = 2147483647;
			files = (
			);
			inputFileListPaths = (
			);
			inputPaths = (
				"${PODS_PODFILE_DIR_PATH}/Podfile.lock",
				"${PODS_ROOT}/Manifest.lock",
			);
			name = "[CP] Check Pods Manifest.lock";
			outputFileListPaths = (
			);
			outputPaths = (
				"$(DERIVED_FILE_DIR)/Pods-TMSApp-TMSAppUITests-checkManifestLockResult.txt",
			);
			runOnlyForDeploymentPostprocessing = 0;
			shellPath = /bin/sh;
			shellScript = "diff \"${PODS_PODFILE_DIR_PATH}/Podfile.lock\" \"${PODS_ROOT}/Manifest.lock\" > /dev/null\nif [ $? != 0 ] ; then\n    # print error to STDERR\n    echo \"error: The sandbox is not in sync with the Podfile.lock. Run 'pod install' or update your CocoaPods installation.\" >&2\n    exit 1\nfi\n# This output is used by Xcode 'outputs' to avoid re-running this script phase.\necho \"SUCCESS\" > \"${SCRIPT_OUTPUT_FILE_0}\"\n";
			showEnvVarsInLog = 0;
		};
		CC77496B0B446329150AF5F9 /* [CP] Check Pods Manifest.lock */ = {
			isa = PBXShellScriptBuildPhase;
			buildActionMask = 2147483647;
			files = (
			);
			inputFileListPaths = (
			);
			inputPaths = (
				"${PODS_PODFILE_DIR_PATH}/Podfile.lock",
				"${PODS_ROOT}/Manifest.lock",
			);
			name = "[CP] Check Pods Manifest.lock";
			outputFileListPaths = (
			);
			outputPaths = (
				"$(DERIVED_FILE_DIR)/Pods-TMSApp-checkManifestLockResult.txt",
			);
			runOnlyForDeploymentPostprocessing = 0;
			shellPath = /bin/sh;
			shellScript = "diff \"${PODS_PODFILE_DIR_PATH}/Podfile.lock\" \"${PODS_ROOT}/Manifest.lock\" > /dev/null\nif [ $? != 0 ] ; then\n    # print error to STDERR\n    echo \"error: The sandbox is not in sync with the Podfile.lock. Run 'pod install' or update your CocoaPods installation.\" >&2\n    exit 1\nfi\n# This output is used by Xcode 'outputs' to avoid re-running this script phase.\necho \"SUCCESS\" > \"${SCRIPT_OUTPUT_FILE_0}\"\n";
			showEnvVarsInLog = 0;
		};
/* End PBXShellScriptBuildPhase section */

/* Begin PBXSourcesBuildPhase section */
		EF55E8E62614F3B700915D1C /* Sources */ = {
			isa = PBXSourcesBuildPhase;
			buildActionMask = 2147483647;
			files = (
				EF44C5F22656BA8E0014F0D0 /* EmployeeShipmentTableViewCell.swift in Sources */,
				EF5E72D9264EFEB000F5EE47 /* ShipmentViewController.swift in Sources */,
				EF5E72A8264EED7B00F5EE47 /* MainTabBarViewController.swift in Sources */,
				EF0EA6982653774000148157 /* AppealTableViewCell.swift in Sources */,
				EF0EA68B265376B800148157 /* GetAppealResponse.swift in Sources */,
				EF590A1B265033A5007248B4 /* ShipmentTableViewCell.swift in Sources */,
				EF44C60B2656CAF10014F0D0 /* ShipmentMapViewController.swift in Sources */,
				EF5E7290264EDBB500F5EE47 /* LoginViewController.swift in Sources */,
				EF44C5FD2656BEC50014F0D0 /* CustomerShipmentTableViewCell.swift in Sources */,
				EF0EA6832653763300148157 /* AppealViewModel.swift in Sources */,
				EF2D2CFB265190040096F757 /* MenuViewModel.swift in Sources */,
				EF55E96A2614F6E300915D1C /* UIFont+Extension.swift in Sources */,
				EF55E96E2614F6E300915D1C /* UIViewController+Extension.swift in Sources */,
				EF55E8F82614F3B700915D1C /* TMSApp.xcdatamodeld in Sources */,
				EF55E96B2614F6E300915D1C /* UIImageView+Extension.swift in Sources */,
				EF2D2CDE2650EEF40096F757 /* GetOrderRequest.swift in Sources */,
				EF55E96C2614F6E300915D1C /* UIColor+Extension.swift in Sources */,
				EF5E72C5264EF93700F5EE47 /* DateFormatter.swift in Sources */,
				EF5E72B2264EEED000F5EE47 /* MainViewController.swift in Sources */,
				EF590A0826502DE7007248B4 /* GetShipmentRequest.swift in Sources */,
				EF0EA83E26541E6A00148157 /* ShipmentDetailViewModel.swift in Sources */,
				EF0EA8332653C30900148157 /* ShipmentDetailViewController.swift in Sources */,
				EF590A0E26502E1A007248B4 /* GetShipmentResponse.swift in Sources */,
				EF5E72F7264EFF2700F5EE47 /* MenuViewController.swift in Sources */,
				EF590A0126502CAF007248B4 /* ShipmentViewModel.swift in Sources */,
				EF5E72E3264EFED300F5EE47 /* OrderViewController.swift in Sources */,
				EF5E72ED264EFF0200F5EE47 /* AppealViewController.swift in Sources */,
				EF55E96F2614F6E300915D1C /* UIButton+Extension.swift in Sources */,
				EF0EA691265376CC00148157 /* GetAppealRequest.swift in Sources */,
				EF2D2D022651909E0096F757 /* GetMenuResponse.swift in Sources */,
				EF2D2CE32650EF070096F757 /* OrderViewModel.swift in Sources */,
				EF55E8EE2614F3B700915D1C /* AppDelegate.swift in Sources */,
				EF55E9692614F6E300915D1C /* UITextField+Extension.swift in Sources */,
				EF5E729E264EE73800F5EE47 /* NavigationManager.swift in Sources */,
				EF55E95E2614F6D100915D1C /* UserDefaults+Extension.swift in Sources */,
				EF2D2CEA2650F0310096F757 /* OrderTableViewCell.swift in Sources */,
				EF2D2CD92650EEEC0096F757 /* GetOrderResponse.swift in Sources */,
				EF0EA8442654224800148157 /* HeaderShipmentDetailTableViewCell.swift in Sources */,
				EF55E96D2614F6E300915D1C /* UIView+Extension.swift in Sources */,
				EF55E93F2614F51B00915D1C /* SplashViewController.swift in Sources */,
				EF0EA853265422DA00148157 /* DeliveryShipmentTableViewCell.swift in Sources */,
				EF44C61B2656DF040014F0D0 /* MarkerMapView.swift in Sources */,
				EF55E9742614F6F000915D1C /* Notification+Extension.swift in Sources */,
				EF2D2CF526518FCF0096F757 /* MenuCollectionViewCell.swift in Sources */,
			);
			runOnlyForDeploymentPostprocessing = 0;
		};
		EF55E8FF2614F3B800915D1C /* Sources */ = {
			isa = PBXSourcesBuildPhase;
			buildActionMask = 2147483647;
			files = (
				EF55E9082614F3B800915D1C /* TMSAppTests.swift in Sources */,
			);
			runOnlyForDeploymentPostprocessing = 0;
		};
		EF55E90A2614F3B800915D1C /* Sources */ = {
			isa = PBXSourcesBuildPhase;
			buildActionMask = 2147483647;
			files = (
				EF55E9132614F3B800915D1C /* TMSAppUITests.swift in Sources */,
			);
			runOnlyForDeploymentPostprocessing = 0;
		};
/* End PBXSourcesBuildPhase section */

/* Begin PBXTargetDependency section */
		EF55E9052614F3B800915D1C /* PBXTargetDependency */ = {
			isa = PBXTargetDependency;
			target = EF55E8E92614F3B700915D1C /* TMSApp */;
			targetProxy = EF55E9042614F3B800915D1C /* PBXContainerItemProxy */;
		};
		EF55E9102614F3B800915D1C /* PBXTargetDependency */ = {
			isa = PBXTargetDependency;
			target = EF55E8E92614F3B700915D1C /* TMSApp */;
			targetProxy = EF55E90F2614F3B800915D1C /* PBXContainerItemProxy */;
		};
/* End PBXTargetDependency section */

/* Begin PBXVariantGroup section */
		EF55E8FB2614F3B800915D1C /* LaunchScreen.storyboard */ = {
			isa = PBXVariantGroup;
			children = (
				EF55E8FC2614F3B800915D1C /* Base */,
			);
			name = LaunchScreen.storyboard;
			sourceTree = "<group>";
		};
/* End PBXVariantGroup section */

/* Begin XCBuildConfiguration section */
		EF55E9152614F3B800915D1C /* Debug */ = {
			isa = XCBuildConfiguration;
			buildSettings = {
				ALWAYS_SEARCH_USER_PATHS = NO;
				CLANG_ANALYZER_NONNULL = YES;
				CLANG_ANALYZER_NUMBER_OBJECT_CONVERSION = YES_AGGRESSIVE;
				CLANG_CXX_LANGUAGE_STANDARD = "gnu++14";
				CLANG_CXX_LIBRARY = "libc++";
				CLANG_ENABLE_MODULES = YES;
				CLANG_ENABLE_OBJC_ARC = YES;
				CLANG_ENABLE_OBJC_WEAK = YES;
				CLANG_WARN_BLOCK_CAPTURE_AUTORELEASING = YES;
				CLANG_WARN_BOOL_CONVERSION = YES;
				CLANG_WARN_COMMA = YES;
				CLANG_WARN_CONSTANT_CONVERSION = YES;
				CLANG_WARN_DEPRECATED_OBJC_IMPLEMENTATIONS = YES;
				CLANG_WARN_DIRECT_OBJC_ISA_USAGE = YES_ERROR;
				CLANG_WARN_DOCUMENTATION_COMMENTS = YES;
				CLANG_WARN_EMPTY_BODY = YES;
				CLANG_WARN_ENUM_CONVERSION = YES;
				CLANG_WARN_INFINITE_RECURSION = YES;
				CLANG_WARN_INT_CONVERSION = YES;
				CLANG_WARN_NON_LITERAL_NULL_CONVERSION = YES;
				CLANG_WARN_OBJC_IMPLICIT_RETAIN_SELF = YES;
				CLANG_WARN_OBJC_LITERAL_CONVERSION = YES;
				CLANG_WARN_OBJC_ROOT_CLASS = YES_ERROR;
				CLANG_WARN_QUOTED_INCLUDE_IN_FRAMEWORK_HEADER = YES;
				CLANG_WARN_RANGE_LOOP_ANALYSIS = YES;
				CLANG_WARN_STRICT_PROTOTYPES = YES;
				CLANG_WARN_SUSPICIOUS_MOVE = YES;
				CLANG_WARN_UNGUARDED_AVAILABILITY = YES_AGGRESSIVE;
				CLANG_WARN_UNREACHABLE_CODE = YES;
				CLANG_WARN__DUPLICATE_METHOD_MATCH = YES;
				COPY_PHASE_STRIP = NO;
				DEBUG_INFORMATION_FORMAT = dwarf;
				ENABLE_STRICT_OBJC_MSGSEND = YES;
				ENABLE_TESTABILITY = YES;
				GCC_C_LANGUAGE_STANDARD = gnu11;
				GCC_DYNAMIC_NO_PIC = NO;
				GCC_NO_COMMON_BLOCKS = YES;
				GCC_OPTIMIZATION_LEVEL = 0;
				GCC_PREPROCESSOR_DEFINITIONS = (
					"DEBUG=1",
					"$(inherited)",
				);
				GCC_WARN_64_TO_32_BIT_CONVERSION = YES;
				GCC_WARN_ABOUT_RETURN_TYPE = YES_ERROR;
				GCC_WARN_UNDECLARED_SELECTOR = YES;
				GCC_WARN_UNINITIALIZED_AUTOS = YES_AGGRESSIVE;
				GCC_WARN_UNUSED_FUNCTION = YES;
				GCC_WARN_UNUSED_VARIABLE = YES;
				IPHONEOS_DEPLOYMENT_TARGET = 13.7;
				MTL_ENABLE_DEBUG_INFO = INCLUDE_SOURCE;
				MTL_FAST_MATH = YES;
				ONLY_ACTIVE_ARCH = YES;
				SDKROOT = iphoneos;
				SWIFT_ACTIVE_COMPILATION_CONDITIONS = DEBUG;
				SWIFT_OPTIMIZATION_LEVEL = "-Onone";
			};
			name = Debug;
		};
		EF55E9162614F3B800915D1C /* Release */ = {
			isa = XCBuildConfiguration;
			buildSettings = {
				ALWAYS_SEARCH_USER_PATHS = NO;
				CLANG_ANALYZER_NONNULL = YES;
				CLANG_ANALYZER_NUMBER_OBJECT_CONVERSION = YES_AGGRESSIVE;
				CLANG_CXX_LANGUAGE_STANDARD = "gnu++14";
				CLANG_CXX_LIBRARY = "libc++";
				CLANG_ENABLE_MODULES = YES;
				CLANG_ENABLE_OBJC_ARC = YES;
				CLANG_ENABLE_OBJC_WEAK = YES;
				CLANG_WARN_BLOCK_CAPTURE_AUTORELEASING = YES;
				CLANG_WARN_BOOL_CONVERSION = YES;
				CLANG_WARN_COMMA = YES;
				CLANG_WARN_CONSTANT_CONVERSION = YES;
				CLANG_WARN_DEPRECATED_OBJC_IMPLEMENTATIONS = YES;
				CLANG_WARN_DIRECT_OBJC_ISA_USAGE = YES_ERROR;
				CLANG_WARN_DOCUMENTATION_COMMENTS = YES;
				CLANG_WARN_EMPTY_BODY = YES;
				CLANG_WARN_ENUM_CONVERSION = YES;
				CLANG_WARN_INFINITE_RECURSION = YES;
				CLANG_WARN_INT_CONVERSION = YES;
				CLANG_WARN_NON_LITERAL_NULL_CONVERSION = YES;
				CLANG_WARN_OBJC_IMPLICIT_RETAIN_SELF = YES;
				CLANG_WARN_OBJC_LITERAL_CONVERSION = YES;
				CLANG_WARN_OBJC_ROOT_CLASS = YES_ERROR;
				CLANG_WARN_QUOTED_INCLUDE_IN_FRAMEWORK_HEADER = YES;
				CLANG_WARN_RANGE_LOOP_ANALYSIS = YES;
				CLANG_WARN_STRICT_PROTOTYPES = YES;
				CLANG_WARN_SUSPICIOUS_MOVE = YES;
				CLANG_WARN_UNGUARDED_AVAILABILITY = YES_AGGRESSIVE;
				CLANG_WARN_UNREACHABLE_CODE = YES;
				CLANG_WARN__DUPLICATE_METHOD_MATCH = YES;
				COPY_PHASE_STRIP = NO;
				DEBUG_INFORMATION_FORMAT = "dwarf-with-dsym";
				ENABLE_NS_ASSERTIONS = NO;
				ENABLE_STRICT_OBJC_MSGSEND = YES;
				GCC_C_LANGUAGE_STANDARD = gnu11;
				GCC_NO_COMMON_BLOCKS = YES;
				GCC_WARN_64_TO_32_BIT_CONVERSION = YES;
				GCC_WARN_ABOUT_RETURN_TYPE = YES_ERROR;
				GCC_WARN_UNDECLARED_SELECTOR = YES;
				GCC_WARN_UNINITIALIZED_AUTOS = YES_AGGRESSIVE;
				GCC_WARN_UNUSED_FUNCTION = YES;
				GCC_WARN_UNUSED_VARIABLE = YES;
				IPHONEOS_DEPLOYMENT_TARGET = 13.7;
				MTL_ENABLE_DEBUG_INFO = NO;
				MTL_FAST_MATH = YES;
				SDKROOT = iphoneos;
				SWIFT_COMPILATION_MODE = wholemodule;
				SWIFT_OPTIMIZATION_LEVEL = "-O";
				VALIDATE_PRODUCT = YES;
			};
			name = Release;
		};
		EF55E9182614F3B800915D1C /* Debug */ = {
			isa = XCBuildConfiguration;
			baseConfigurationReference = 829279A9B8DF7F5A348CF243 /* Pods-TMSApp.debug.xcconfig */;
			buildSettings = {
				ASSETCATALOG_COMPILER_APPICON_NAME = AppIcon;
				ASSETCATALOG_COMPILER_GLOBAL_ACCENT_COLOR_NAME = AccentColor;
				CODE_SIGN_STYLE = Automatic;
				DEVELOPMENT_TEAM = Y46GLN8894;
				INFOPLIST_FILE = TMSApp/Info.plist;
				IPHONEOS_DEPLOYMENT_TARGET = 13.7;
				LD_RUNPATH_SEARCH_PATHS = (
					"$(inherited)",
					"@executable_path/Frameworks",
				);
				PRODUCT_BUNDLE_IDENTIFIER = com.ssoft.TMSApp;
				PRODUCT_NAME = "$(TARGET_NAME)";
				SWIFT_VERSION = 5.0;
				TARGETED_DEVICE_FAMILY = "1,2";
			};
			name = Debug;
		};
		EF55E9192614F3B800915D1C /* Release */ = {
			isa = XCBuildConfiguration;
			baseConfigurationReference = DA81F2E0EF4C483B6A33D4F6 /* Pods-TMSApp.release.xcconfig */;
			buildSettings = {
				ASSETCATALOG_COMPILER_APPICON_NAME = AppIcon;
				ASSETCATALOG_COMPILER_GLOBAL_ACCENT_COLOR_NAME = AccentColor;
				CODE_SIGN_STYLE = Automatic;
				DEVELOPMENT_TEAM = Y46GLN8894;
				INFOPLIST_FILE = TMSApp/Info.plist;
				IPHONEOS_DEPLOYMENT_TARGET = 13.7;
				LD_RUNPATH_SEARCH_PATHS = (
					"$(inherited)",
					"@executable_path/Frameworks",
				);
				PRODUCT_BUNDLE_IDENTIFIER = com.ssoft.TMSApp;
				PRODUCT_NAME = "$(TARGET_NAME)";
				SWIFT_VERSION = 5.0;
				TARGETED_DEVICE_FAMILY = "1,2";
			};
			name = Release;
		};
		EF55E91B2614F3B800915D1C /* Debug */ = {
			isa = XCBuildConfiguration;
			baseConfigurationReference = B6BE57EB110F1D5FD1D51761 /* Pods-TMSAppTests.debug.xcconfig */;
			buildSettings = {
				ALWAYS_EMBED_SWIFT_STANDARD_LIBRARIES = YES;
				BUNDLE_LOADER = "$(TEST_HOST)";
				CODE_SIGN_STYLE = Automatic;
				DEVELOPMENT_TEAM = Y46GLN8894;
				INFOPLIST_FILE = TMSAppTests/Info.plist;
				IPHONEOS_DEPLOYMENT_TARGET = 13.7;
				LD_RUNPATH_SEARCH_PATHS = (
					"$(inherited)",
					"@executable_path/Frameworks",
					"@loader_path/Frameworks",
				);
				PRODUCT_BUNDLE_IDENTIFIER = com.ssoft.TMSAppTests;
				PRODUCT_NAME = "$(TARGET_NAME)";
				SWIFT_VERSION = 5.0;
				TARGETED_DEVICE_FAMILY = "1,2";
				TEST_HOST = "$(BUILT_PRODUCTS_DIR)/TMSApp.app/TMSApp";
			};
			name = Debug;
		};
		EF55E91C2614F3B800915D1C /* Release */ = {
			isa = XCBuildConfiguration;
			baseConfigurationReference = 43E92420FA149A651E027B90 /* Pods-TMSAppTests.release.xcconfig */;
			buildSettings = {
				ALWAYS_EMBED_SWIFT_STANDARD_LIBRARIES = YES;
				BUNDLE_LOADER = "$(TEST_HOST)";
				CODE_SIGN_STYLE = Automatic;
				DEVELOPMENT_TEAM = Y46GLN8894;
				INFOPLIST_FILE = TMSAppTests/Info.plist;
				IPHONEOS_DEPLOYMENT_TARGET = 13.7;
				LD_RUNPATH_SEARCH_PATHS = (
					"$(inherited)",
					"@executable_path/Frameworks",
					"@loader_path/Frameworks",
				);
				PRODUCT_BUNDLE_IDENTIFIER = com.ssoft.TMSAppTests;
				PRODUCT_NAME = "$(TARGET_NAME)";
				SWIFT_VERSION = 5.0;
				TARGETED_DEVICE_FAMILY = "1,2";
				TEST_HOST = "$(BUILT_PRODUCTS_DIR)/TMSApp.app/TMSApp";
			};
			name = Release;
		};
		EF55E91E2614F3B800915D1C /* Debug */ = {
			isa = XCBuildConfiguration;
			baseConfigurationReference = 2A66D53FBAE5464A5C9E599A /* Pods-TMSApp-TMSAppUITests.debug.xcconfig */;
			buildSettings = {
				ALWAYS_EMBED_SWIFT_STANDARD_LIBRARIES = YES;
				CODE_SIGN_STYLE = Automatic;
				DEVELOPMENT_TEAM = Y46GLN8894;
				INFOPLIST_FILE = TMSAppUITests/Info.plist;
				LD_RUNPATH_SEARCH_PATHS = (
					"$(inherited)",
					"@executable_path/Frameworks",
					"@loader_path/Frameworks",
				);
				PRODUCT_BUNDLE_IDENTIFIER = com.ssoft.TMSAppUITests;
				PRODUCT_NAME = "$(TARGET_NAME)";
				SWIFT_VERSION = 5.0;
				TARGETED_DEVICE_FAMILY = "1,2";
				TEST_TARGET_NAME = TMSApp;
			};
			name = Debug;
		};
		EF55E91F2614F3B800915D1C /* Release */ = {
			isa = XCBuildConfiguration;
			baseConfigurationReference = 0E5F9DEA6F618170DA0F7B89 /* Pods-TMSApp-TMSAppUITests.release.xcconfig */;
			buildSettings = {
				ALWAYS_EMBED_SWIFT_STANDARD_LIBRARIES = YES;
				CODE_SIGN_STYLE = Automatic;
				DEVELOPMENT_TEAM = Y46GLN8894;
				INFOPLIST_FILE = TMSAppUITests/Info.plist;
				LD_RUNPATH_SEARCH_PATHS = (
					"$(inherited)",
					"@executable_path/Frameworks",
					"@loader_path/Frameworks",
				);
				PRODUCT_BUNDLE_IDENTIFIER = com.ssoft.TMSAppUITests;
				PRODUCT_NAME = "$(TARGET_NAME)";
				SWIFT_VERSION = 5.0;
				TARGETED_DEVICE_FAMILY = "1,2";
				TEST_TARGET_NAME = TMSApp;
			};
			name = Release;
		};
/* End XCBuildConfiguration section */

/* Begin XCConfigurationList section */
		EF55E8E52614F3B700915D1C /* Build configuration list for PBXProject "TMSApp" */ = {
			isa = XCConfigurationList;
			buildConfigurations = (
				EF55E9152614F3B800915D1C /* Debug */,
				EF55E9162614F3B800915D1C /* Release */,
			);
			defaultConfigurationIsVisible = 0;
			defaultConfigurationName = Release;
		};
		EF55E9172614F3B800915D1C /* Build configuration list for PBXNativeTarget "TMSApp" */ = {
			isa = XCConfigurationList;
			buildConfigurations = (
				EF55E9182614F3B800915D1C /* Debug */,
				EF55E9192614F3B800915D1C /* Release */,
			);
			defaultConfigurationIsVisible = 0;
			defaultConfigurationName = Release;
		};
		EF55E91A2614F3B800915D1C /* Build configuration list for PBXNativeTarget "TMSAppTests" */ = {
			isa = XCConfigurationList;
			buildConfigurations = (
				EF55E91B2614F3B800915D1C /* Debug */,
				EF55E91C2614F3B800915D1C /* Release */,
			);
			defaultConfigurationIsVisible = 0;
			defaultConfigurationName = Release;
		};
		EF55E91D2614F3B800915D1C /* Build configuration list for PBXNativeTarget "TMSAppUITests" */ = {
			isa = XCConfigurationList;
			buildConfigurations = (
				EF55E91E2614F3B800915D1C /* Debug */,
				EF55E91F2614F3B800915D1C /* Release */,
			);
			defaultConfigurationIsVisible = 0;
			defaultConfigurationName = Release;
		};
/* End XCConfigurationList section */

/* Begin XCRemoteSwiftPackageReference section */
		EF0EA861265429BC00148157 /* XCRemoteSwiftPackageReference "SnapKit" */ = {
			isa = XCRemoteSwiftPackageReference;
			repositoryURL = "https://github.com/SnapKit/SnapKit.git";
			requirement = {
				kind = upToNextMajorVersion;
				minimumVersion = 5.0.1;
			};
		};
		EF590A1226502F13007248B4 /* XCRemoteSwiftPackageReference "RxSwift" */ = {
			isa = XCRemoteSwiftPackageReference;
			repositoryURL = "https://github.com/ReactiveX/RxSwift.git";
			requirement = {
				kind = upToNextMajorVersion;
				minimumVersion = 6.2.0;
			};
		};
		EF5FFB1A261A1C5600C9C43B /* XCRemoteSwiftPackageReference "NVActivityIndicatorView" */ = {
			isa = XCRemoteSwiftPackageReference;
			repositoryURL = "https://github.com/ninjaprox/NVActivityIndicatorView.git";
			requirement = {
				kind = upToNextMajorVersion;
				minimumVersion = 5.1.1;
			};
		};
/* End XCRemoteSwiftPackageReference section */

/* Begin XCSwiftPackageProductDependency section */
		EF0EA862265429BC00148157 /* SnapKit */ = {
			isa = XCSwiftPackageProductDependency;
			package = EF0EA861265429BC00148157 /* XCRemoteSwiftPackageReference "SnapKit" */;
			productName = SnapKit;
		};
		EF590A1326502F13007248B4 /* RxSwift */ = {
			isa = XCSwiftPackageProductDependency;
			package = EF590A1226502F13007248B4 /* XCRemoteSwiftPackageReference "RxSwift" */;
			productName = RxSwift;
		};
		EF5FFB1B261A1C5600C9C43B /* NVActivityIndicatorView */ = {
			isa = XCSwiftPackageProductDependency;
			package = EF5FFB1A261A1C5600C9C43B /* XCRemoteSwiftPackageReference "NVActivityIndicatorView" */;
			productName = NVActivityIndicatorView;
		};
		EF5FFB1D261A1C5600C9C43B /* NVActivityIndicatorViewExtended */ = {
			isa = XCSwiftPackageProductDependency;
			package = EF5FFB1A261A1C5600C9C43B /* XCRemoteSwiftPackageReference "NVActivityIndicatorView" */;
			productName = NVActivityIndicatorViewExtended;
		};
/* End XCSwiftPackageProductDependency section */

/* Begin XCVersionGroup section */
		EF55E8F62614F3B700915D1C /* TMSApp.xcdatamodeld */ = {
			isa = XCVersionGroup;
			children = (
				EF55E8F72614F3B700915D1C /* TMSApp.xcdatamodel */,
			);
			currentVersion = EF55E8F72614F3B700915D1C /* TMSApp.xcdatamodel */;
			path = TMSApp.xcdatamodeld;
			sourceTree = "<group>";
			versionGroupType = wrapper.xcdatamodel;
		};
/* End XCVersionGroup section */
	};
	rootObject = EF55E8E22614F3B700915D1C /* Project object */;
}
